// !$*UTF8*$!
{
	archiveVersion = 1;
	classes = {
	};
	objectVersion = 46;
	objects = {

/* Begin PBXBuildFile section */
		2F0878721D948192003A208A /* AudioToolbox.framework in Frameworks */ = {isa = PBXBuildFile; fileRef = 2F0878711D948192003A208A /* AudioToolbox.framework */; };
		2F0878741D9481A3003A208A /* CFNetwork.framework in Frameworks */ = {isa = PBXBuildFile; fileRef = 2F0878731D9481A2003A208A /* CFNetwork.framework */; };
		2F0878761D9481AC003A208A /* CoreGraphics.framework in Frameworks */ = {isa = PBXBuildFile; fileRef = 2F0878751D9481AC003A208A /* CoreGraphics.framework */; };
		2F0878781D9481B3003A208A /* CoreMedia.framework in Frameworks */ = {isa = PBXBuildFile; fileRef = 2F0878771D9481B3003A208A /* CoreMedia.framework */; };
		2F08787A1D9481BD003A208A /* Foundation.framework in Frameworks */ = {isa = PBXBuildFile; fileRef = 2F0878791D9481BD003A208A /* Foundation.framework */; };
		2F08787C1D9481CA003A208A /* libz.tbd in Frameworks */ = {isa = PBXBuildFile; fileRef = 2F08787B1D9481CA003A208A /* libz.tbd */; };
		2F08787E1D9481D6003A208A /* libsqlite3.tbd in Frameworks */ = {isa = PBXBuildFile; fileRef = 2F08787D1D9481D6003A208A /* libsqlite3.tbd */; };
		2F0878801D9481E6003A208A /* QuartzCore.framework in Frameworks */ = {isa = PBXBuildFile; fileRef = 2F08787F1D9481E6003A208A /* QuartzCore.framework */; };
		2F0878821D9481F7003A208A /* UIKit.framework in Frameworks */ = {isa = PBXBuildFile; fileRef = 2F0878811D9481F7003A208A /* UIKit.framework */; };
		2F0878841D9481FD003A208A /* WebKit.framework in Frameworks */ = {isa = PBXBuildFile; fileRef = 2F0878831D9481FD003A208A /* WebKit.framework */; };
		2F23EFD91D6749BA00CAC0FF /* main.m in Sources */ = {isa = PBXBuildFile; fileRef = 2F23EFD81D6749BA00CAC0FF /* main.m */; };
		2F23EFDC1D6749BA00CAC0FF /* AppDelegate.m in Sources */ = {isa = PBXBuildFile; fileRef = 2F23EFDB1D6749BA00CAC0FF /* AppDelegate.m */; };
		2F23EFDF1D6749BA00CAC0FF /* BannerViewController.m in Sources */ = {isa = PBXBuildFile; fileRef = 2F23EFDE1D6749BA00CAC0FF /* BannerViewController.m */; };
		2F23EFE21D6749BA00CAC0FF /* Main.storyboard in Resources */ = {isa = PBXBuildFile; fileRef = 2F23EFE01D6749BA00CAC0FF /* Main.storyboard */; };
		2F23EFE41D6749BA00CAC0FF /* Assets.xcassets in Resources */ = {isa = PBXBuildFile; fileRef = 2F23EFE31D6749BA00CAC0FF /* Assets.xcassets */; };
		2F23EFE71D6749BA00CAC0FF /* LaunchScreen.storyboard in Resources */ = {isa = PBXBuildFile; fileRef = 2F23EFE51D6749BA00CAC0FF /* LaunchScreen.storyboard */; };
		2F27ABFA1D6C941C000A2540 /* KKLog.framework in Frameworks */ = {isa = PBXBuildFile; fileRef = 2F27ABF91D6C941C000A2540 /* KKLog.framework */; };
		2F27AC101D6CA361000A2540 /* AMRSDK.framework in Frameworks */ = {isa = PBXBuildFile; fileRef = 2F27AC0F1D6CA361000A2540 /* AMRSDK.framework */; };
		2F2ADE571DB6AEDA002120D2 /* AdColony.framework in Frameworks */ = {isa = PBXBuildFile; fileRef = 2F2ADDE51DB6AEDA002120D2 /* AdColony.framework */; };
		2F2ADE581DB6AEDA002120D2 /* libAMRAdapterAdcolony.a in Frameworks */ = {isa = PBXBuildFile; fileRef = 2F2ADDE61DB6AEDA002120D2 /* libAMRAdapterAdcolony.a */; };
		2F2ADE591DB6AEDA002120D2 /* libAdFalconSDK3.2.0.a in Frameworks */ = {isa = PBXBuildFile; fileRef = 2F2ADDE91DB6AEDA002120D2 /* libAdFalconSDK3.2.0.a */; };
		2F2ADE5A1DB6AEDA002120D2 /* libAMRAdapterAdFalcon.a in Frameworks */ = {isa = PBXBuildFile; fileRef = 2F2ADDEA1DB6AEDA002120D2 /* libAMRAdapterAdFalcon.a */; };
		2F2ADE621DB6AEDA002120D2 /* AMRAdapterAdmostResources.bundle in Resources */ = {isa = PBXBuildFile; fileRef = 2F2ADDF61DB6AEDA002120D2 /* AMRAdapterAdmostResources.bundle */; };
		2F2ADE631DB6AEDA002120D2 /* libAMRAdapterAdmost.a in Frameworks */ = {isa = PBXBuildFile; fileRef = 2F2ADDF71DB6AEDA002120D2 /* libAMRAdapterAdmost.a */; };
		2F2ADE641DB6AEDA002120D2 /* AmazonAd.framework in Frameworks */ = {isa = PBXBuildFile; fileRef = 2F2ADDFA1DB6AEDA002120D2 /* AmazonAd.framework */; };
		2F2ADE651DB6AEDA002120D2 /* libAMRAdapterAmazon.a in Frameworks */ = {isa = PBXBuildFile; fileRef = 2F2ADDFB1DB6AEDA002120D2 /* libAMRAdapterAmazon.a */; };
		2F2ADE661DB6AEDA002120D2 /* libAppLovinSdk.a in Frameworks */ = {isa = PBXBuildFile; fileRef = 2F2ADDFE1DB6AEDA002120D2 /* libAppLovinSdk.a */; };
		2F2ADE671DB6AEDA002120D2 /* libAMRAdapterApplovin.a in Frameworks */ = {isa = PBXBuildFile; fileRef = 2F2ADDFF1DB6AEDA002120D2 /* libAMRAdapterApplovin.a */; };
		2F2ADE681DB6AEDA002120D2 /* libAppnextLib.a in Frameworks */ = {isa = PBXBuildFile; fileRef = 2F2ADE021DB6AEDA002120D2 /* libAppnextLib.a */; };
		2F2ADE691DB6AEDA002120D2 /* libAMRAdapterAppnext.a in Frameworks */ = {isa = PBXBuildFile; fileRef = 2F2ADE031DB6AEDA002120D2 /* libAMRAdapterAppnext.a */; };
		2F2ADE6A1DB6AEDA002120D2 /* Chartboost.framework in Frameworks */ = {isa = PBXBuildFile; fileRef = 2F2ADE061DB6AEDA002120D2 /* Chartboost.framework */; };
		2F2ADE6B1DB6AEDA002120D2 /* libAMRAdapterChartboost.a in Frameworks */ = {isa = PBXBuildFile; fileRef = 2F2ADE071DB6AEDA002120D2 /* libAMRAdapterChartboost.a */; };
		2F2ADE6C1DB6AEDA002120D2 /* libFlurry_7.6.6.a in Frameworks */ = {isa = PBXBuildFile; fileRef = 2F2ADE0A1DB6AEDA002120D2 /* libFlurry_7.6.6.a */; };
		2F2ADE6D1DB6AEDA002120D2 /* libFlurryAds_7.6.6.a in Frameworks */ = {isa = PBXBuildFile; fileRef = 2F2ADE0B1DB6AEDA002120D2 /* libFlurryAds_7.6.6.a */; };
		2F2ADE6E1DB6AEDA002120D2 /* starburst_white.png in Resources */ = {isa = PBXBuildFile; fileRef = 2F2ADE0C1DB6AEDA002120D2 /* starburst_white.png */; };
		2F2ADE6F1DB6AEDA002120D2 /* libAMRAdapterFlurry.a in Frameworks */ = {isa = PBXBuildFile; fileRef = 2F2ADE0D1DB6AEDA002120D2 /* libAMRAdapterFlurry.a */; };
		2F2ADE701DB6AEDA002120D2 /* InMobiSDK.framework in Frameworks */ = {isa = PBXBuildFile; fileRef = 2F2ADE101DB6AEDA002120D2 /* InMobiSDK.framework */; };
		2F2ADE711DB6AEDA002120D2 /* libAMRAdapterInmobi.a in Frameworks */ = {isa = PBXBuildFile; fileRef = 2F2ADE111DB6AEDA002120D2 /* libAMRAdapterInmobi.a */; };
		2F2ADE721DB6AEDA002120D2 /* libAMRAdapterLoopme.a in Frameworks */ = {isa = PBXBuildFile; fileRef = 2F2ADE131DB6AEDA002120D2 /* libAMRAdapterLoopme.a */; };
		2F2ADE731DB6AEDA002120D2 /* MobFoxSDKCore.bundle in Resources */ = {isa = PBXBuildFile; fileRef = 2F2ADE161DB6AEDA002120D2 /* MobFoxSDKCore.bundle */; };
		2F2ADE741DB6AEDA002120D2 /* MobFoxSDKCore.framework in Frameworks */ = {isa = PBXBuildFile; fileRef = 2F2ADE171DB6AEDA002120D2 /* MobFoxSDKCore.framework */; };
		2F2ADE751DB6AEDA002120D2 /* libAMRAdapterMobfox.a in Frameworks */ = {isa = PBXBuildFile; fileRef = 2F2ADE181DB6AEDA002120D2 /* libAMRAdapterMobfox.a */; };
		2F2ADE761DB6AEDA002120D2 /* MPAdBrowserController.xib in Resources */ = {isa = PBXBuildFile; fileRef = 2F2ADE1B1DB6AEDA002120D2 /* MPAdBrowserController.xib */; };
		2F2ADE771DB6AEDA002120D2 /* MPCloseBtn.png in Resources */ = {isa = PBXBuildFile; fileRef = 2F2ADE1C1DB6AEDA002120D2 /* MPCloseBtn.png */; };
		2F2ADE781DB6AEDA002120D2 /* MPCloseBtn@2x.png in Resources */ = {isa = PBXBuildFile; fileRef = 2F2ADE1D1DB6AEDA002120D2 /* MPCloseBtn@2x.png */; };
		2F2ADE791DB6AEDA002120D2 /* MPCloseBtn@3x.png in Resources */ = {isa = PBXBuildFile; fileRef = 2F2ADE1E1DB6AEDA002120D2 /* MPCloseBtn@3x.png */; };
		2F2ADE7A1DB6AEDA002120D2 /* MPCloseButtonX.png in Resources */ = {isa = PBXBuildFile; fileRef = 2F2ADE1F1DB6AEDA002120D2 /* MPCloseButtonX.png */; };
		2F2ADE7B1DB6AEDA002120D2 /* MPCloseButtonX@2x.png in Resources */ = {isa = PBXBuildFile; fileRef = 2F2ADE201DB6AEDA002120D2 /* MPCloseButtonX@2x.png */; };
		2F2ADE7C1DB6AEDA002120D2 /* MPCloseButtonX@3x.png in Resources */ = {isa = PBXBuildFile; fileRef = 2F2ADE211DB6AEDA002120D2 /* MPCloseButtonX@3x.png */; };
		2F2ADE7D1DB6AEDA002120D2 /* MPDAAIcon.png in Resources */ = {isa = PBXBuildFile; fileRef = 2F2ADE221DB6AEDA002120D2 /* MPDAAIcon.png */; };
		2F2ADE7E1DB6AEDA002120D2 /* MPDAAIcon@2x.png in Resources */ = {isa = PBXBuildFile; fileRef = 2F2ADE231DB6AEDA002120D2 /* MPDAAIcon@2x.png */; };
		2F2ADE7F1DB6AEDA002120D2 /* MPDAAIcon@3x.png in Resources */ = {isa = PBXBuildFile; fileRef = 2F2ADE241DB6AEDA002120D2 /* MPDAAIcon@3x.png */; };
		2F2ADE801DB6AEDA002120D2 /* MPMutedBtn.png in Resources */ = {isa = PBXBuildFile; fileRef = 2F2ADE251DB6AEDA002120D2 /* MPMutedBtn.png */; };
		2F2ADE811DB6AEDA002120D2 /* MPMutedBtn@2x.png in Resources */ = {isa = PBXBuildFile; fileRef = 2F2ADE261DB6AEDA002120D2 /* MPMutedBtn@2x.png */; };
		2F2ADE821DB6AEDA002120D2 /* MPMutedBtn@3x.png in Resources */ = {isa = PBXBuildFile; fileRef = 2F2ADE271DB6AEDA002120D2 /* MPMutedBtn@3x.png */; };
		2F2ADE831DB6AEDA002120D2 /* MPPlayBtn.png in Resources */ = {isa = PBXBuildFile; fileRef = 2F2ADE281DB6AEDA002120D2 /* MPPlayBtn.png */; };
		2F2ADE841DB6AEDA002120D2 /* MPPlayBtn@2x.png in Resources */ = {isa = PBXBuildFile; fileRef = 2F2ADE291DB6AEDA002120D2 /* MPPlayBtn@2x.png */; };
		2F2ADE851DB6AEDA002120D2 /* MPPlayBtn@3x.png in Resources */ = {isa = PBXBuildFile; fileRef = 2F2ADE2A1DB6AEDA002120D2 /* MPPlayBtn@3x.png */; };
		2F2ADE861DB6AEDA002120D2 /* MPUnmutedBtn.png in Resources */ = {isa = PBXBuildFile; fileRef = 2F2ADE2B1DB6AEDA002120D2 /* MPUnmutedBtn.png */; };
		2F2ADE871DB6AEDA002120D2 /* MPUnmutedBtn@2x.png in Resources */ = {isa = PBXBuildFile; fileRef = 2F2ADE2C1DB6AEDA002120D2 /* MPUnmutedBtn@2x.png */; };
		2F2ADE881DB6AEDA002120D2 /* MPUnmutedBtn@3x.png in Resources */ = {isa = PBXBuildFile; fileRef = 2F2ADE2D1DB6AEDA002120D2 /* MPUnmutedBtn@3x.png */; };
		2F2ADE891DB6AEDA002120D2 /* MRAID.bundle in Resources */ = {isa = PBXBuildFile; fileRef = 2F2ADE2E1DB6AEDA002120D2 /* MRAID.bundle */; };
		2F2ADE8A1DB6AEDA002120D2 /* libAMRAdapterMopub.a in Frameworks */ = {isa = PBXBuildFile; fileRef = 2F2ADE2F1DB6AEDA002120D2 /* libAMRAdapterMopub.a */; };
		2F2ADE8B1DB6AEDA002120D2 /* libNativeXSDK.a in Frameworks */ = {isa = PBXBuildFile; fileRef = 2F2ADE321DB6AEDA002120D2 /* libNativeXSDK.a */; };
		2F2ADE8C1DB6AEDA002120D2 /* libAMRAdapterNativex.a in Frameworks */ = {isa = PBXBuildFile; fileRef = 2F2ADE331DB6AEDA002120D2 /* libAMRAdapterNativex.a */; };
		2F2ADE8D1DB6AEDA002120D2 /* MMAdSDK.framework in Frameworks */ = {isa = PBXBuildFile; fileRef = 2F2ADE361DB6AEDA002120D2 /* MMAdSDK.framework */; };
		2F2ADE8E1DB6AEDA002120D2 /* libAMRAdapterNexage.a in Frameworks */ = {isa = PBXBuildFile; fileRef = 2F2ADE371DB6AEDA002120D2 /* libAMRAdapterNexage.a */; };
		2F2ADE8F1DB6AEDA002120D2 /* RevMobAds.framework in Frameworks */ = {isa = PBXBuildFile; fileRef = 2F2ADE3A1DB6AEDA002120D2 /* RevMobAds.framework */; };
		2F2ADE901DB6AEDA002120D2 /* libAMRAdapterRevmob.a in Frameworks */ = {isa = PBXBuildFile; fileRef = 2F2ADE3B1DB6AEDA002120D2 /* libAMRAdapterRevmob.a */; };
		2F2ADE911DB6AEDA002120D2 /* iSoma.framework in Frameworks */ = {isa = PBXBuildFile; fileRef = 2F2ADE3E1DB6AEDA002120D2 /* iSoma.framework */; };
		2F2ADE921DB6AEDA002120D2 /* libAMRAdapterSmaato.a in Frameworks */ = {isa = PBXBuildFile; fileRef = 2F2ADE3F1DB6AEDA002120D2 /* libAMRAdapterSmaato.a */; };
		2F2ADE931DB6AEDA002120D2 /* Supersonic.framework in Frameworks */ = {isa = PBXBuildFile; fileRef = 2F2ADE421DB6AEDA002120D2 /* Supersonic.framework */; };
		2F2ADE941DB6AEDA002120D2 /* libAMRAdapterSupersonic.a in Frameworks */ = {isa = PBXBuildFile; fileRef = 2F2ADE431DB6AEDA002120D2 /* libAMRAdapterSupersonic.a */; };
		2F2ADE951DB6AEDA002120D2 /* Tapjoy.framework in Frameworks */ = {isa = PBXBuildFile; fileRef = 2F2ADE461DB6AEDA002120D2 /* Tapjoy.framework */; };
		2F2ADE961DB6AEDA002120D2 /* TapjoyResources.bundle in Resources */ = {isa = PBXBuildFile; fileRef = 2F2ADE471DB6AEDA002120D2 /* TapjoyResources.bundle */; };
		2F2ADE971DB6AEDA002120D2 /* libAMRAdapterTapjoy.a in Frameworks */ = {isa = PBXBuildFile; fileRef = 2F2ADE481DB6AEDA002120D2 /* libAMRAdapterTapjoy.a */; };
		2F2ADE981DB6AEDA002120D2 /* UnityAds.framework in Frameworks */ = {isa = PBXBuildFile; fileRef = 2F2ADE4B1DB6AEDA002120D2 /* UnityAds.framework */; };
		2F2ADE991DB6AEDA002120D2 /* libAMRAdapterUnity.a in Frameworks */ = {isa = PBXBuildFile; fileRef = 2F2ADE4C1DB6AEDA002120D2 /* libAMRAdapterUnity.a */; };
		2F2ADE9A1DB6AEDA002120D2 /* __vungle.db in Resources */ = {isa = PBXBuildFile; fileRef = 2F2ADE4F1DB6AEDA002120D2 /* __vungle.db */; };
		2F2ADE9B1DB6AEDA002120D2 /* vg_close.png in Resources */ = {isa = PBXBuildFile; fileRef = 2F2ADE501DB6AEDA002120D2 /* vg_close.png */; };
		2F2ADE9C1DB6AEDA002120D2 /* vg_cta.png in Resources */ = {isa = PBXBuildFile; fileRef = 2F2ADE511DB6AEDA002120D2 /* vg_cta.png */; };
		2F2ADE9D1DB6AEDA002120D2 /* vg_mute_off.png in Resources */ = {isa = PBXBuildFile; fileRef = 2F2ADE521DB6AEDA002120D2 /* vg_mute_off.png */; };
		2F2ADE9E1DB6AEDA002120D2 /* vg_mute_on.png in Resources */ = {isa = PBXBuildFile; fileRef = 2F2ADE531DB6AEDA002120D2 /* vg_mute_on.png */; };
		2F2ADE9F1DB6AEDA002120D2 /* vg_privacy.png in Resources */ = {isa = PBXBuildFile; fileRef = 2F2ADE541DB6AEDA002120D2 /* vg_privacy.png */; };
		2F2ADEA01DB6AEDA002120D2 /* VungleSDK.framework in Frameworks */ = {isa = PBXBuildFile; fileRef = 2F2ADE551DB6AEDA002120D2 /* VungleSDK.framework */; };
		2F2ADEA11DB6AEDA002120D2 /* libAMRAdapterVungle.a in Frameworks */ = {isa = PBXBuildFile; fileRef = 2F2ADE561DB6AEDA002120D2 /* libAMRAdapterVungle.a */; };
		2F2D90D21DCCBFD000127EAE /* libAppnextNativeAdsSDK.a in Frameworks */ = {isa = PBXBuildFile; fileRef = 2F2D90D01DCCBFD000127EAE /* libAppnextNativeAdsSDK.a */; };
		2F2D90D31DCCBFD000127EAE /* libAppnextSDKCore.a in Frameworks */ = {isa = PBXBuildFile; fileRef = 2F2D90D11DCCBFD000127EAE /* libAppnextSDKCore.a */; };
		2F456D141DD0A1DB00C916DC /* libFyberSDK-8.5.5.a in Frameworks */ = {isa = PBXBuildFile; fileRef = 2F456D121DD0A1DB00C916DC /* libFyberSDK-8.5.5.a */; };
		2F456D151DD0A1DB00C916DC /* libAMRAdapterFyber.a in Frameworks */ = {isa = PBXBuildFile; fileRef = 2F456D131DD0A1DB00C916DC /* libAMRAdapterFyber.a */; };
		2F5DC7301DD9D99E0011A35F /* InLocoMediaAPI.framework in Frameworks */ = {isa = PBXBuildFile; fileRef = 2F5DC72E1DD9D99E0011A35F /* InLocoMediaAPI.framework */; };
		2F5DC7311DD9D99E0011A35F /* libAMRAdapterInloco.a in Frameworks */ = {isa = PBXBuildFile; fileRef = 2F5DC72F1DD9D99E0011A35F /* libAMRAdapterInloco.a */; };
		2F61EBCA1DABE8FD0004FB33 /* FBAudienceNetwork.framework in Frameworks */ = {isa = PBXBuildFile; fileRef = 2F61EB641DABE8FD0004FB33 /* FBAudienceNetwork.framework */; };
		2F61EBCB1DABE8FD0004FB33 /* libAMRAdapterFacebook.a in Frameworks */ = {isa = PBXBuildFile; fileRef = 2F61EB651DABE8FD0004FB33 /* libAMRAdapterFacebook.a */; };
		2F6E42961DA292F2003572E4 /* GoogleService-Info.plist in Resources */ = {isa = PBXBuildFile; fileRef = 2F6E42951DA292F2003572E4 /* GoogleService-Info.plist */; };
		2F6E42BF1DA657B6003572E4 /* AMRAdmostSDK.framework in Frameworks */ = {isa = PBXBuildFile; fileRef = 2F6E42BE1DA657B6003572E4 /* AMRAdmostSDK.framework */; };
		2F8A8B491D6F35EF002F3022 /* InterstitialViewController.m in Sources */ = {isa = PBXBuildFile; fileRef = 2F8A8B481D6F35EF002F3022 /* InterstitialViewController.m */; };
		2F9565301DD35677006C6F42 /* libGreystripeSDK.a in Frameworks */ = {isa = PBXBuildFile; fileRef = 2F95652E1DD35677006C6F42 /* libGreystripeSDK.a */; };
		2F9565311DD35677006C6F42 /* libAMRAdapterConversant.a in Frameworks */ = {isa = PBXBuildFile; fileRef = 2F95652F1DD35677006C6F42 /* libAMRAdapterConversant.a */; };
		2F9565331DD3576D006C6F42 /* AddressBookUI.framework in Frameworks */ = {isa = PBXBuildFile; fileRef = 2F9565321DD3576D006C6F42 /* AddressBookUI.framework */; };
		2F9565351DD357DA006C6F42 /* Twitter.framework in Frameworks */ = {isa = PBXBuildFile; fileRef = 2F9565341DD357DA006C6F42 /* Twitter.framework */; };
		2F9A54C81D770F83007756AB /* RewardedVideoViewController.m in Sources */ = {isa = PBXBuildFile; fileRef = 2F9A54C71D770F83007756AB /* RewardedVideoViewController.m */; };
		2FB7CF1B1D81F98100B63DDB /* AMRResources.bundle in Resources */ = {isa = PBXBuildFile; fileRef = 2FB7CF1A1D81F98100B63DDB /* AMRResources.bundle */; };
		2FC5251E1D927B580095306E /* SystemConfiguration.framework in Frameworks */ = {isa = PBXBuildFile; fileRef = 2FC5251D1D927B580095306E /* SystemConfiguration.framework */; };
		2FC525201D927B5E0095306E /* StoreKit.framework in Frameworks */ = {isa = PBXBuildFile; fileRef = 2FC5251F1D927B5E0095306E /* StoreKit.framework */; };
		2FC525221D927B630095306E /* MediaPlayer.framework in Frameworks */ = {isa = PBXBuildFile; fileRef = 2FC525211D927B630095306E /* MediaPlayer.framework */; };
		2FC525241D927B6A0095306E /* CoreLocation.framework in Frameworks */ = {isa = PBXBuildFile; fileRef = 2FC525231D927B6A0095306E /* CoreLocation.framework */; };
		2FC525261D927B6F0095306E /* AVFoundation.framework in Frameworks */ = {isa = PBXBuildFile; fileRef = 2FC525251D927B6F0095306E /* AVFoundation.framework */; };
		2FC525281D927B730095306E /* AdSupport.framework in Frameworks */ = {isa = PBXBuildFile; fileRef = 2FC525271D927B730095306E /* AdSupport.framework */; };
		2FC526251D93BFCA0095306E /* CoreMotion.framework in Frameworks */ = {isa = PBXBuildFile; fileRef = 2FC526241D93BFCA0095306E /* CoreMotion.framework */; };
		2FDE73781D99B757004E9EA1 /* CoreTelephony.framework in Frameworks */ = {isa = PBXBuildFile; fileRef = 2FDE73771D99B757004E9EA1 /* CoreTelephony.framework */; };
		2FDE737A1D99B764004E9EA1 /* EventKit.framework in Frameworks */ = {isa = PBXBuildFile; fileRef = 2FDE73791D99B764004E9EA1 /* EventKit.framework */; };
		2FDE737C1D99B76B004E9EA1 /* EventKitUI.framework in Frameworks */ = {isa = PBXBuildFile; fileRef = 2FDE737B1D99B76B004E9EA1 /* EventKitUI.framework */; };
		2FDE737E1D99B77E004E9EA1 /* JavaScriptCore.framework in Frameworks */ = {isa = PBXBuildFile; fileRef = 2FDE737D1D99B77E004E9EA1 /* JavaScriptCore.framework */; };
		2FDE73801D99B784004E9EA1 /* SafariServices.framework in Frameworks */ = {isa = PBXBuildFile; fileRef = 2FDE737F1D99B784004E9EA1 /* SafariServices.framework */; };
		2FFD45081D9C8FB60089824D /* AVKit.framework in Frameworks */ = {isa = PBXBuildFile; fileRef = 2FFD45071D9C8FB60089824D /* AVKit.framework */; };
/* End PBXBuildFile section */

/* Begin PBXCopyFilesBuildPhase section */
		2F456D291DD0C76600C916DC /* Embed Frameworks */ = {
			isa = PBXCopyFilesBuildPhase;
			buildActionMask = 2147483647;
			dstPath = "";
			dstSubfolderSpec = 10;
			files = (
			);
			name = "Embed Frameworks";
			runOnlyForDeploymentPostprocessing = 0;
		};
/* End PBXCopyFilesBuildPhase section */

/* Begin PBXFileReference section */
		2F0878711D948192003A208A /* AudioToolbox.framework */ = {isa = PBXFileReference; lastKnownFileType = wrapper.framework; name = AudioToolbox.framework; path = System/Library/Frameworks/AudioToolbox.framework; sourceTree = SDKROOT; };
		2F0878731D9481A2003A208A /* CFNetwork.framework */ = {isa = PBXFileReference; lastKnownFileType = wrapper.framework; name = CFNetwork.framework; path = System/Library/Frameworks/CFNetwork.framework; sourceTree = SDKROOT; };
		2F0878751D9481AC003A208A /* CoreGraphics.framework */ = {isa = PBXFileReference; lastKnownFileType = wrapper.framework; name = CoreGraphics.framework; path = System/Library/Frameworks/CoreGraphics.framework; sourceTree = SDKROOT; };
		2F0878771D9481B3003A208A /* CoreMedia.framework */ = {isa = PBXFileReference; lastKnownFileType = wrapper.framework; name = CoreMedia.framework; path = System/Library/Frameworks/CoreMedia.framework; sourceTree = SDKROOT; };
		2F0878791D9481BD003A208A /* Foundation.framework */ = {isa = PBXFileReference; lastKnownFileType = wrapper.framework; name = Foundation.framework; path = System/Library/Frameworks/Foundation.framework; sourceTree = SDKROOT; };
		2F08787B1D9481CA003A208A /* libz.tbd */ = {isa = PBXFileReference; lastKnownFileType = "sourcecode.text-based-dylib-definition"; name = libz.tbd; path = usr/lib/libz.tbd; sourceTree = SDKROOT; };
		2F08787D1D9481D6003A208A /* libsqlite3.tbd */ = {isa = PBXFileReference; lastKnownFileType = "sourcecode.text-based-dylib-definition"; name = libsqlite3.tbd; path = usr/lib/libsqlite3.tbd; sourceTree = SDKROOT; };
		2F08787F1D9481E6003A208A /* QuartzCore.framework */ = {isa = PBXFileReference; lastKnownFileType = wrapper.framework; name = QuartzCore.framework; path = System/Library/Frameworks/QuartzCore.framework; sourceTree = SDKROOT; };
		2F0878811D9481F7003A208A /* UIKit.framework */ = {isa = PBXFileReference; lastKnownFileType = wrapper.framework; name = UIKit.framework; path = System/Library/Frameworks/UIKit.framework; sourceTree = SDKROOT; };
		2F0878831D9481FD003A208A /* WebKit.framework */ = {isa = PBXFileReference; lastKnownFileType = wrapper.framework; name = WebKit.framework; path = System/Library/Frameworks/WebKit.framework; sourceTree = SDKROOT; };
		2F23EFD41D6749BA00CAC0FF /* AMRDemo.app */ = {isa = PBXFileReference; explicitFileType = wrapper.application; includeInIndex = 0; path = AMRDemo.app; sourceTree = BUILT_PRODUCTS_DIR; };
		2F23EFD81D6749BA00CAC0FF /* main.m */ = {isa = PBXFileReference; lastKnownFileType = sourcecode.c.objc; path = main.m; sourceTree = "<group>"; };
		2F23EFDA1D6749BA00CAC0FF /* AppDelegate.h */ = {isa = PBXFileReference; lastKnownFileType = sourcecode.c.h; path = AppDelegate.h; sourceTree = "<group>"; };
		2F23EFDB1D6749BA00CAC0FF /* AppDelegate.m */ = {isa = PBXFileReference; lastKnownFileType = sourcecode.c.objc; path = AppDelegate.m; sourceTree = "<group>"; };
		2F23EFDD1D6749BA00CAC0FF /* BannerViewController.h */ = {isa = PBXFileReference; lastKnownFileType = sourcecode.c.h; path = BannerViewController.h; sourceTree = "<group>"; };
		2F23EFDE1D6749BA00CAC0FF /* BannerViewController.m */ = {isa = PBXFileReference; lastKnownFileType = sourcecode.c.objc; path = BannerViewController.m; sourceTree = "<group>"; };
		2F23EFE11D6749BA00CAC0FF /* Base */ = {isa = PBXFileReference; lastKnownFileType = file.storyboard; name = Base; path = Base.lproj/Main.storyboard; sourceTree = "<group>"; };
		2F23EFE31D6749BA00CAC0FF /* Assets.xcassets */ = {isa = PBXFileReference; lastKnownFileType = folder.assetcatalog; path = Assets.xcassets; sourceTree = "<group>"; };
		2F23EFE61D6749BA00CAC0FF /* Base */ = {isa = PBXFileReference; lastKnownFileType = file.storyboard; name = Base; path = Base.lproj/LaunchScreen.storyboard; sourceTree = "<group>"; };
		2F23EFE81D6749BA00CAC0FF /* Info.plist */ = {isa = PBXFileReference; lastKnownFileType = text.plist.xml; path = Info.plist; sourceTree = "<group>"; };
		2F27ABF91D6C941C000A2540 /* KKLog.framework */ = {isa = PBXFileReference; lastKnownFileType = wrapper.framework; path = KKLog.framework; sourceTree = "<group>"; };
		2F27AC0F1D6CA361000A2540 /* AMRSDK.framework */ = {isa = PBXFileReference; lastKnownFileType = wrapper.framework; path = AMRSDK.framework; sourceTree = "<group>"; };
		2F2ADDE51DB6AEDA002120D2 /* AdColony.framework */ = {isa = PBXFileReference; lastKnownFileType = wrapper.framework; path = AdColony.framework; sourceTree = "<group>"; };
		2F2ADDE61DB6AEDA002120D2 /* libAMRAdapterAdcolony.a */ = {isa = PBXFileReference; lastKnownFileType = archive.ar; path = libAMRAdapterAdcolony.a; sourceTree = "<group>"; };
		2F2ADDE91DB6AEDA002120D2 /* libAdFalconSDK3.2.0.a */ = {isa = PBXFileReference; lastKnownFileType = archive.ar; path = libAdFalconSDK3.2.0.a; sourceTree = "<group>"; };
		2F2ADDEA1DB6AEDA002120D2 /* libAMRAdapterAdFalcon.a */ = {isa = PBXFileReference; lastKnownFileType = archive.ar; path = libAMRAdapterAdFalcon.a; sourceTree = "<group>"; };
		2F2ADDF61DB6AEDA002120D2 /* AMRAdapterAdmostResources.bundle */ = {isa = PBXFileReference; lastKnownFileType = "wrapper.plug-in"; path = AMRAdapterAdmostResources.bundle; sourceTree = "<group>"; };
		2F2ADDF71DB6AEDA002120D2 /* libAMRAdapterAdmost.a */ = {isa = PBXFileReference; lastKnownFileType = archive.ar; path = libAMRAdapterAdmost.a; sourceTree = "<group>"; };
		2F2ADDFA1DB6AEDA002120D2 /* AmazonAd.framework */ = {isa = PBXFileReference; lastKnownFileType = wrapper.framework; path = AmazonAd.framework; sourceTree = "<group>"; };
		2F2ADDFB1DB6AEDA002120D2 /* libAMRAdapterAmazon.a */ = {isa = PBXFileReference; lastKnownFileType = archive.ar; path = libAMRAdapterAmazon.a; sourceTree = "<group>"; };
		2F2ADDFE1DB6AEDA002120D2 /* libAppLovinSdk.a */ = {isa = PBXFileReference; lastKnownFileType = archive.ar; path = libAppLovinSdk.a; sourceTree = "<group>"; };
		2F2ADDFF1DB6AEDA002120D2 /* libAMRAdapterApplovin.a */ = {isa = PBXFileReference; lastKnownFileType = archive.ar; path = libAMRAdapterApplovin.a; sourceTree = "<group>"; };
		2F2ADE021DB6AEDA002120D2 /* libAppnextLib.a */ = {isa = PBXFileReference; lastKnownFileType = archive.ar; path = libAppnextLib.a; sourceTree = "<group>"; };
		2F2ADE031DB6AEDA002120D2 /* libAMRAdapterAppnext.a */ = {isa = PBXFileReference; lastKnownFileType = archive.ar; path = libAMRAdapterAppnext.a; sourceTree = "<group>"; };
		2F2ADE061DB6AEDA002120D2 /* Chartboost.framework */ = {isa = PBXFileReference; lastKnownFileType = wrapper.framework; path = Chartboost.framework; sourceTree = "<group>"; };
		2F2ADE071DB6AEDA002120D2 /* libAMRAdapterChartboost.a */ = {isa = PBXFileReference; lastKnownFileType = archive.ar; path = libAMRAdapterChartboost.a; sourceTree = "<group>"; };
		2F2ADE0A1DB6AEDA002120D2 /* libFlurry_7.6.6.a */ = {isa = PBXFileReference; lastKnownFileType = archive.ar; path = libFlurry_7.6.6.a; sourceTree = "<group>"; };
		2F2ADE0B1DB6AEDA002120D2 /* libFlurryAds_7.6.6.a */ = {isa = PBXFileReference; lastKnownFileType = archive.ar; path = libFlurryAds_7.6.6.a; sourceTree = "<group>"; };
		2F2ADE0C1DB6AEDA002120D2 /* starburst_white.png */ = {isa = PBXFileReference; lastKnownFileType = image.png; path = starburst_white.png; sourceTree = "<group>"; };
		2F2ADE0D1DB6AEDA002120D2 /* libAMRAdapterFlurry.a */ = {isa = PBXFileReference; lastKnownFileType = archive.ar; path = libAMRAdapterFlurry.a; sourceTree = "<group>"; };
		2F2ADE101DB6AEDA002120D2 /* InMobiSDK.framework */ = {isa = PBXFileReference; lastKnownFileType = wrapper.framework; path = InMobiSDK.framework; sourceTree = "<group>"; };
		2F2ADE111DB6AEDA002120D2 /* libAMRAdapterInmobi.a */ = {isa = PBXFileReference; lastKnownFileType = archive.ar; path = libAMRAdapterInmobi.a; sourceTree = "<group>"; };
		2F2ADE131DB6AEDA002120D2 /* libAMRAdapterLoopme.a */ = {isa = PBXFileReference; lastKnownFileType = archive.ar; path = libAMRAdapterLoopme.a; sourceTree = "<group>"; };
		2F2ADE161DB6AEDA002120D2 /* MobFoxSDKCore.bundle */ = {isa = PBXFileReference; lastKnownFileType = "wrapper.plug-in"; path = MobFoxSDKCore.bundle; sourceTree = "<group>"; };
		2F2ADE171DB6AEDA002120D2 /* MobFoxSDKCore.framework */ = {isa = PBXFileReference; lastKnownFileType = wrapper.framework; path = MobFoxSDKCore.framework; sourceTree = "<group>"; };
		2F2ADE181DB6AEDA002120D2 /* libAMRAdapterMobfox.a */ = {isa = PBXFileReference; lastKnownFileType = archive.ar; path = libAMRAdapterMobfox.a; sourceTree = "<group>"; };
		2F2ADE1B1DB6AEDA002120D2 /* MPAdBrowserController.xib */ = {isa = PBXFileReference; fileEncoding = 4; lastKnownFileType = file.xib; path = MPAdBrowserController.xib; sourceTree = "<group>"; };
		2F2ADE1C1DB6AEDA002120D2 /* MPCloseBtn.png */ = {isa = PBXFileReference; lastKnownFileType = image.png; path = MPCloseBtn.png; sourceTree = "<group>"; };
		2F2ADE1D1DB6AEDA002120D2 /* MPCloseBtn@2x.png */ = {isa = PBXFileReference; lastKnownFileType = image.png; path = "MPCloseBtn@2x.png"; sourceTree = "<group>"; };
		2F2ADE1E1DB6AEDA002120D2 /* MPCloseBtn@3x.png */ = {isa = PBXFileReference; lastKnownFileType = image.png; path = "MPCloseBtn@3x.png"; sourceTree = "<group>"; };
		2F2ADE1F1DB6AEDA002120D2 /* MPCloseButtonX.png */ = {isa = PBXFileReference; lastKnownFileType = image.png; path = MPCloseButtonX.png; sourceTree = "<group>"; };
		2F2ADE201DB6AEDA002120D2 /* MPCloseButtonX@2x.png */ = {isa = PBXFileReference; lastKnownFileType = image.png; path = "MPCloseButtonX@2x.png"; sourceTree = "<group>"; };
		2F2ADE211DB6AEDA002120D2 /* MPCloseButtonX@3x.png */ = {isa = PBXFileReference; lastKnownFileType = image.png; path = "MPCloseButtonX@3x.png"; sourceTree = "<group>"; };
		2F2ADE221DB6AEDA002120D2 /* MPDAAIcon.png */ = {isa = PBXFileReference; lastKnownFileType = image.png; path = MPDAAIcon.png; sourceTree = "<group>"; };
		2F2ADE231DB6AEDA002120D2 /* MPDAAIcon@2x.png */ = {isa = PBXFileReference; lastKnownFileType = image.png; path = "MPDAAIcon@2x.png"; sourceTree = "<group>"; };
		2F2ADE241DB6AEDA002120D2 /* MPDAAIcon@3x.png */ = {isa = PBXFileReference; lastKnownFileType = image.png; path = "MPDAAIcon@3x.png"; sourceTree = "<group>"; };
		2F2ADE251DB6AEDA002120D2 /* MPMutedBtn.png */ = {isa = PBXFileReference; lastKnownFileType = image.png; path = MPMutedBtn.png; sourceTree = "<group>"; };
		2F2ADE261DB6AEDA002120D2 /* MPMutedBtn@2x.png */ = {isa = PBXFileReference; lastKnownFileType = image.png; path = "MPMutedBtn@2x.png"; sourceTree = "<group>"; };
		2F2ADE271DB6AEDA002120D2 /* MPMutedBtn@3x.png */ = {isa = PBXFileReference; lastKnownFileType = image.png; path = "MPMutedBtn@3x.png"; sourceTree = "<group>"; };
		2F2ADE281DB6AEDA002120D2 /* MPPlayBtn.png */ = {isa = PBXFileReference; lastKnownFileType = image.png; path = MPPlayBtn.png; sourceTree = "<group>"; };
		2F2ADE291DB6AEDA002120D2 /* MPPlayBtn@2x.png */ = {isa = PBXFileReference; lastKnownFileType = image.png; path = "MPPlayBtn@2x.png"; sourceTree = "<group>"; };
		2F2ADE2A1DB6AEDA002120D2 /* MPPlayBtn@3x.png */ = {isa = PBXFileReference; lastKnownFileType = image.png; path = "MPPlayBtn@3x.png"; sourceTree = "<group>"; };
		2F2ADE2B1DB6AEDA002120D2 /* MPUnmutedBtn.png */ = {isa = PBXFileReference; lastKnownFileType = image.png; path = MPUnmutedBtn.png; sourceTree = "<group>"; };
		2F2ADE2C1DB6AEDA002120D2 /* MPUnmutedBtn@2x.png */ = {isa = PBXFileReference; lastKnownFileType = image.png; path = "MPUnmutedBtn@2x.png"; sourceTree = "<group>"; };
		2F2ADE2D1DB6AEDA002120D2 /* MPUnmutedBtn@3x.png */ = {isa = PBXFileReference; lastKnownFileType = image.png; path = "MPUnmutedBtn@3x.png"; sourceTree = "<group>"; };
		2F2ADE2E1DB6AEDA002120D2 /* MRAID.bundle */ = {isa = PBXFileReference; lastKnownFileType = "wrapper.plug-in"; path = MRAID.bundle; sourceTree = "<group>"; };
		2F2ADE2F1DB6AEDA002120D2 /* libAMRAdapterMopub.a */ = {isa = PBXFileReference; lastKnownFileType = archive.ar; path = libAMRAdapterMopub.a; sourceTree = "<group>"; };
		2F2ADE321DB6AEDA002120D2 /* libNativeXSDK.a */ = {isa = PBXFileReference; lastKnownFileType = archive.ar; path = libNativeXSDK.a; sourceTree = "<group>"; };
		2F2ADE331DB6AEDA002120D2 /* libAMRAdapterNativex.a */ = {isa = PBXFileReference; lastKnownFileType = archive.ar; path = libAMRAdapterNativex.a; sourceTree = "<group>"; };
		2F2ADE361DB6AEDA002120D2 /* MMAdSDK.framework */ = {isa = PBXFileReference; lastKnownFileType = wrapper.framework; path = MMAdSDK.framework; sourceTree = "<group>"; };
		2F2ADE371DB6AEDA002120D2 /* libAMRAdapterNexage.a */ = {isa = PBXFileReference; lastKnownFileType = archive.ar; path = libAMRAdapterNexage.a; sourceTree = "<group>"; };
		2F2ADE3A1DB6AEDA002120D2 /* RevMobAds.framework */ = {isa = PBXFileReference; lastKnownFileType = wrapper.framework; path = RevMobAds.framework; sourceTree = "<group>"; };
		2F2ADE3B1DB6AEDA002120D2 /* libAMRAdapterRevmob.a */ = {isa = PBXFileReference; lastKnownFileType = archive.ar; path = libAMRAdapterRevmob.a; sourceTree = "<group>"; };
		2F2ADE3E1DB6AEDA002120D2 /* iSoma.framework */ = {isa = PBXFileReference; lastKnownFileType = wrapper.framework; path = iSoma.framework; sourceTree = "<group>"; };
		2F2ADE3F1DB6AEDA002120D2 /* libAMRAdapterSmaato.a */ = {isa = PBXFileReference; lastKnownFileType = archive.ar; path = libAMRAdapterSmaato.a; sourceTree = "<group>"; };
		2F2ADE421DB6AEDA002120D2 /* Supersonic.framework */ = {isa = PBXFileReference; lastKnownFileType = wrapper.framework; path = Supersonic.framework; sourceTree = "<group>"; };
		2F2ADE431DB6AEDA002120D2 /* libAMRAdapterSupersonic.a */ = {isa = PBXFileReference; lastKnownFileType = archive.ar; path = libAMRAdapterSupersonic.a; sourceTree = "<group>"; };
		2F2ADE461DB6AEDA002120D2 /* Tapjoy.framework */ = {isa = PBXFileReference; lastKnownFileType = wrapper.framework; path = Tapjoy.framework; sourceTree = "<group>"; };
		2F2ADE471DB6AEDA002120D2 /* TapjoyResources.bundle */ = {isa = PBXFileReference; lastKnownFileType = "wrapper.plug-in"; path = TapjoyResources.bundle; sourceTree = "<group>"; };
		2F2ADE481DB6AEDA002120D2 /* libAMRAdapterTapjoy.a */ = {isa = PBXFileReference; lastKnownFileType = archive.ar; path = libAMRAdapterTapjoy.a; sourceTree = "<group>"; };
		2F2ADE4B1DB6AEDA002120D2 /* UnityAds.framework */ = {isa = PBXFileReference; lastKnownFileType = wrapper.framework; path = UnityAds.framework; sourceTree = "<group>"; };
		2F2ADE4C1DB6AEDA002120D2 /* libAMRAdapterUnity.a */ = {isa = PBXFileReference; lastKnownFileType = archive.ar; path = libAMRAdapterUnity.a; sourceTree = "<group>"; };
		2F2ADE4F1DB6AEDA002120D2 /* __vungle.db */ = {isa = PBXFileReference; lastKnownFileType = file; path = __vungle.db; sourceTree = "<group>"; };
		2F2ADE501DB6AEDA002120D2 /* vg_close.png */ = {isa = PBXFileReference; lastKnownFileType = image.png; path = vg_close.png; sourceTree = "<group>"; };
		2F2ADE511DB6AEDA002120D2 /* vg_cta.png */ = {isa = PBXFileReference; lastKnownFileType = image.png; path = vg_cta.png; sourceTree = "<group>"; };
		2F2ADE521DB6AEDA002120D2 /* vg_mute_off.png */ = {isa = PBXFileReference; lastKnownFileType = image.png; path = vg_mute_off.png; sourceTree = "<group>"; };
		2F2ADE531DB6AEDA002120D2 /* vg_mute_on.png */ = {isa = PBXFileReference; lastKnownFileType = image.png; path = vg_mute_on.png; sourceTree = "<group>"; };
		2F2ADE541DB6AEDA002120D2 /* vg_privacy.png */ = {isa = PBXFileReference; lastKnownFileType = image.png; path = vg_privacy.png; sourceTree = "<group>"; };
		2F2ADE551DB6AEDA002120D2 /* VungleSDK.framework */ = {isa = PBXFileReference; lastKnownFileType = wrapper.framework; path = VungleSDK.framework; sourceTree = "<group>"; };
		2F2ADE561DB6AEDA002120D2 /* libAMRAdapterVungle.a */ = {isa = PBXFileReference; lastKnownFileType = archive.ar; path = libAMRAdapterVungle.a; sourceTree = "<group>"; };
		2F2D90D01DCCBFD000127EAE /* libAppnextNativeAdsSDK.a */ = {isa = PBXFileReference; lastKnownFileType = archive.ar; path = libAppnextNativeAdsSDK.a; sourceTree = "<group>"; };
		2F2D90D11DCCBFD000127EAE /* libAppnextSDKCore.a */ = {isa = PBXFileReference; lastKnownFileType = archive.ar; path = libAppnextSDKCore.a; sourceTree = "<group>"; };
		2F456D121DD0A1DB00C916DC /* libFyberSDK-8.5.5.a */ = {isa = PBXFileReference; lastKnownFileType = archive.ar; path = "libFyberSDK-8.5.5.a"; sourceTree = "<group>"; };
		2F456D131DD0A1DB00C916DC /* libAMRAdapterFyber.a */ = {isa = PBXFileReference; lastKnownFileType = archive.ar; path = libAMRAdapterFyber.a; sourceTree = "<group>"; };
		2F5DC72E1DD9D99E0011A35F /* InLocoMediaAPI.framework */ = {isa = PBXFileReference; lastKnownFileType = wrapper.framework; path = InLocoMediaAPI.framework; sourceTree = "<group>"; };
		2F5DC72F1DD9D99E0011A35F /* libAMRAdapterInloco.a */ = {isa = PBXFileReference; lastKnownFileType = archive.ar; path = libAMRAdapterInloco.a; sourceTree = "<group>"; };
		2F61EB641DABE8FD0004FB33 /* FBAudienceNetwork.framework */ = {isa = PBXFileReference; lastKnownFileType = wrapper.framework; path = FBAudienceNetwork.framework; sourceTree = "<group>"; };
		2F61EB651DABE8FD0004FB33 /* libAMRAdapterFacebook.a */ = {isa = PBXFileReference; lastKnownFileType = archive.ar; path = libAMRAdapterFacebook.a; sourceTree = "<group>"; };
		2F6E42951DA292F2003572E4 /* GoogleService-Info.plist */ = {isa = PBXFileReference; fileEncoding = 4; lastKnownFileType = text.plist.xml; path = "GoogleService-Info.plist"; sourceTree = "<group>"; };
		2F6E42BE1DA657B6003572E4 /* AMRAdmostSDK.framework */ = {isa = PBXFileReference; lastKnownFileType = wrapper.framework; path = AMRAdmostSDK.framework; sourceTree = "<group>"; };
		2F8A8B471D6F35EF002F3022 /* InterstitialViewController.h */ = {isa = PBXFileReference; fileEncoding = 4; lastKnownFileType = sourcecode.c.h; path = InterstitialViewController.h; sourceTree = "<group>"; };
		2F8A8B481D6F35EF002F3022 /* InterstitialViewController.m */ = {isa = PBXFileReference; fileEncoding = 4; lastKnownFileType = sourcecode.c.objc; path = InterstitialViewController.m; sourceTree = "<group>"; };
		2F95652E1DD35677006C6F42 /* libGreystripeSDK.a */ = {isa = PBXFileReference; lastKnownFileType = archive.ar; path = libGreystripeSDK.a; sourceTree = "<group>"; };
		2F95652F1DD35677006C6F42 /* libAMRAdapterConversant.a */ = {isa = PBXFileReference; lastKnownFileType = archive.ar; path = libAMRAdapterConversant.a; sourceTree = "<group>"; };
		2F9565321DD3576D006C6F42 /* AddressBookUI.framework */ = {isa = PBXFileReference; lastKnownFileType = wrapper.framework; name = AddressBookUI.framework; path = System/Library/Frameworks/AddressBookUI.framework; sourceTree = SDKROOT; };
		2F9565341DD357DA006C6F42 /* Twitter.framework */ = {isa = PBXFileReference; lastKnownFileType = wrapper.framework; name = Twitter.framework; path = System/Library/Frameworks/Twitter.framework; sourceTree = SDKROOT; };
		2F9A54C61D770F83007756AB /* RewardedVideoViewController.h */ = {isa = PBXFileReference; fileEncoding = 4; lastKnownFileType = sourcecode.c.h; path = RewardedVideoViewController.h; sourceTree = "<group>"; };
		2F9A54C71D770F83007756AB /* RewardedVideoViewController.m */ = {isa = PBXFileReference; fileEncoding = 4; lastKnownFileType = sourcecode.c.objc; path = RewardedVideoViewController.m; sourceTree = "<group>"; };
		2FB7CF1A1D81F98100B63DDB /* AMRResources.bundle */ = {isa = PBXFileReference; lastKnownFileType = "wrapper.plug-in"; path = AMRResources.bundle; sourceTree = "<group>"; };
		2FC5251D1D927B580095306E /* SystemConfiguration.framework */ = {isa = PBXFileReference; lastKnownFileType = wrapper.framework; name = SystemConfiguration.framework; path = System/Library/Frameworks/SystemConfiguration.framework; sourceTree = SDKROOT; };
		2FC5251F1D927B5E0095306E /* StoreKit.framework */ = {isa = PBXFileReference; lastKnownFileType = wrapper.framework; name = StoreKit.framework; path = System/Library/Frameworks/StoreKit.framework; sourceTree = SDKROOT; };
		2FC525211D927B630095306E /* MediaPlayer.framework */ = {isa = PBXFileReference; lastKnownFileType = wrapper.framework; name = MediaPlayer.framework; path = System/Library/Frameworks/MediaPlayer.framework; sourceTree = SDKROOT; };
		2FC525231D927B6A0095306E /* CoreLocation.framework */ = {isa = PBXFileReference; lastKnownFileType = wrapper.framework; name = CoreLocation.framework; path = System/Library/Frameworks/CoreLocation.framework; sourceTree = SDKROOT; };
		2FC525251D927B6F0095306E /* AVFoundation.framework */ = {isa = PBXFileReference; lastKnownFileType = wrapper.framework; name = AVFoundation.framework; path = System/Library/Frameworks/AVFoundation.framework; sourceTree = SDKROOT; };
		2FC525271D927B730095306E /* AdSupport.framework */ = {isa = PBXFileReference; lastKnownFileType = wrapper.framework; name = AdSupport.framework; path = System/Library/Frameworks/AdSupport.framework; sourceTree = SDKROOT; };
		2FC526241D93BFCA0095306E /* CoreMotion.framework */ = {isa = PBXFileReference; lastKnownFileType = wrapper.framework; name = CoreMotion.framework; path = System/Library/Frameworks/CoreMotion.framework; sourceTree = SDKROOT; };
		2FDE73771D99B757004E9EA1 /* CoreTelephony.framework */ = {isa = PBXFileReference; lastKnownFileType = wrapper.framework; name = CoreTelephony.framework; path = System/Library/Frameworks/CoreTelephony.framework; sourceTree = SDKROOT; };
		2FDE73791D99B764004E9EA1 /* EventKit.framework */ = {isa = PBXFileReference; lastKnownFileType = wrapper.framework; name = EventKit.framework; path = System/Library/Frameworks/EventKit.framework; sourceTree = SDKROOT; };
		2FDE737B1D99B76B004E9EA1 /* EventKitUI.framework */ = {isa = PBXFileReference; lastKnownFileType = wrapper.framework; name = EventKitUI.framework; path = System/Library/Frameworks/EventKitUI.framework; sourceTree = SDKROOT; };
		2FDE737D1D99B77E004E9EA1 /* JavaScriptCore.framework */ = {isa = PBXFileReference; lastKnownFileType = wrapper.framework; name = JavaScriptCore.framework; path = System/Library/Frameworks/JavaScriptCore.framework; sourceTree = SDKROOT; };
		2FDE737F1D99B784004E9EA1 /* SafariServices.framework */ = {isa = PBXFileReference; lastKnownFileType = wrapper.framework; name = SafariServices.framework; path = System/Library/Frameworks/SafariServices.framework; sourceTree = SDKROOT; };
		2FFD45071D9C8FB60089824D /* AVKit.framework */ = {isa = PBXFileReference; lastKnownFileType = wrapper.framework; name = AVKit.framework; path = System/Library/Frameworks/AVKit.framework; sourceTree = SDKROOT; };
/* End PBXFileReference section */

/* Begin PBXFrameworksBuildPhase section */
		2F23EFD11D6749BA00CAC0FF /* Frameworks */ = {
			isa = PBXFrameworksBuildPhase;
			buildActionMask = 2147483647;
			files = (
				2F9565351DD357DA006C6F42 /* Twitter.framework in Frameworks */,
				2F9565331DD3576D006C6F42 /* AddressBookUI.framework in Frameworks */,
				2F61EBCA1DABE8FD0004FB33 /* FBAudienceNetwork.framework in Frameworks */,
				2F2D90D31DCCBFD000127EAE /* libAppnextSDKCore.a in Frameworks */,
				2F2ADE901DB6AEDA002120D2 /* libAMRAdapterRevmob.a in Frameworks */,
				2FFD45081D9C8FB60089824D /* AVKit.framework in Frameworks */,
				2F2ADE6A1DB6AEDA002120D2 /* Chartboost.framework in Frameworks */,
				2F2ADE911DB6AEDA002120D2 /* iSoma.framework in Frameworks */,
				2FDE73801D99B784004E9EA1 /* SafariServices.framework in Frameworks */,
				2F2ADE581DB6AEDA002120D2 /* libAMRAdapterAdcolony.a in Frameworks */,
				2FDE737E1D99B77E004E9EA1 /* JavaScriptCore.framework in Frameworks */,
				2F0878801D9481E6003A208A /* QuartzCore.framework in Frameworks */,
				2F456D151DD0A1DB00C916DC /* libAMRAdapterFyber.a in Frameworks */,
				2F2ADE931DB6AEDA002120D2 /* Supersonic.framework in Frameworks */,
				2FC525201D927B5E0095306E /* StoreKit.framework in Frameworks */,
				2F6E42BF1DA657B6003572E4 /* AMRAdmostSDK.framework in Frameworks */,
				2F2ADE6B1DB6AEDA002120D2 /* libAMRAdapterChartboost.a in Frameworks */,
				2F2ADE8C1DB6AEDA002120D2 /* libAMRAdapterNativex.a in Frameworks */,
				2FDE737C1D99B76B004E9EA1 /* EventKitUI.framework in Frameworks */,
				2FDE737A1D99B764004E9EA1 /* EventKit.framework in Frameworks */,
				2FDE73781D99B757004E9EA1 /* CoreTelephony.framework in Frameworks */,
				2F2ADE971DB6AEDA002120D2 /* libAMRAdapterTapjoy.a in Frameworks */,
				2F2ADE941DB6AEDA002120D2 /* libAMRAdapterSupersonic.a in Frameworks */,
				2FC525281D927B730095306E /* AdSupport.framework in Frameworks */,
				2F2ADE681DB6AEDA002120D2 /* libAppnextLib.a in Frameworks */,
				2F0878841D9481FD003A208A /* WebKit.framework in Frameworks */,
				2F2ADE671DB6AEDA002120D2 /* libAMRAdapterApplovin.a in Frameworks */,
				2F2ADE8F1DB6AEDA002120D2 /* RevMobAds.framework in Frameworks */,
				2F2ADEA01DB6AEDA002120D2 /* VungleSDK.framework in Frameworks */,
				2F2ADE921DB6AEDA002120D2 /* libAMRAdapterSmaato.a in Frameworks */,
				2F2ADE661DB6AEDA002120D2 /* libAppLovinSdk.a in Frameworks */,
				2F2ADE641DB6AEDA002120D2 /* AmazonAd.framework in Frameworks */,
				2F2ADE741DB6AEDA002120D2 /* MobFoxSDKCore.framework in Frameworks */,
				2F2ADE751DB6AEDA002120D2 /* libAMRAdapterMobfox.a in Frameworks */,
				2F2ADE721DB6AEDA002120D2 /* libAMRAdapterLoopme.a in Frameworks */,
				2F0878821D9481F7003A208A /* UIKit.framework in Frameworks */,
				2FC525221D927B630095306E /* MediaPlayer.framework in Frameworks */,
				2F08787E1D9481D6003A208A /* libsqlite3.tbd in Frameworks */,
				2F2D90D21DCCBFD000127EAE /* libAppnextNativeAdsSDK.a in Frameworks */,
				2F2ADE631DB6AEDA002120D2 /* libAMRAdapterAdmost.a in Frameworks */,
				2F5DC7311DD9D99E0011A35F /* libAMRAdapterInloco.a in Frameworks */,
				2F2ADE701DB6AEDA002120D2 /* InMobiSDK.framework in Frameworks */,
				2F08787C1D9481CA003A208A /* libz.tbd in Frameworks */,
				2F2ADEA11DB6AEDA002120D2 /* libAMRAdapterVungle.a in Frameworks */,
				2F9565311DD35677006C6F42 /* libAMRAdapterConversant.a in Frameworks */,
				2F5DC7301DD9D99E0011A35F /* InLocoMediaAPI.framework in Frameworks */,
				2F2ADE8E1DB6AEDA002120D2 /* libAMRAdapterNexage.a in Frameworks */,
				2F61EBCB1DABE8FD0004FB33 /* libAMRAdapterFacebook.a in Frameworks */,
				2F08787A1D9481BD003A208A /* Foundation.framework in Frameworks */,
				2F0878781D9481B3003A208A /* CoreMedia.framework in Frameworks */,
				2F0878761D9481AC003A208A /* CoreGraphics.framework in Frameworks */,
				2F2ADE651DB6AEDA002120D2 /* libAMRAdapterAmazon.a in Frameworks */,
				2F0878741D9481A3003A208A /* CFNetwork.framework in Frameworks */,
				2F2ADE5A1DB6AEDA002120D2 /* libAMRAdapterAdFalcon.a in Frameworks */,
				2F2ADE6C1DB6AEDA002120D2 /* libFlurry_7.6.6.a in Frameworks */,
				2F2ADE8D1DB6AEDA002120D2 /* MMAdSDK.framework in Frameworks */,
				2FC525261D927B6F0095306E /* AVFoundation.framework in Frameworks */,
				2F2ADE951DB6AEDA002120D2 /* Tapjoy.framework in Frameworks */,
				2F2ADE8B1DB6AEDA002120D2 /* libNativeXSDK.a in Frameworks */,
				2F2ADE8A1DB6AEDA002120D2 /* libAMRAdapterMopub.a in Frameworks */,
				2F2ADE6D1DB6AEDA002120D2 /* libFlurryAds_7.6.6.a in Frameworks */,
				2F0878721D948192003A208A /* AudioToolbox.framework in Frameworks */,
				2FC526251D93BFCA0095306E /* CoreMotion.framework in Frameworks */,
				2FC525241D927B6A0095306E /* CoreLocation.framework in Frameworks */,
				2F2ADE571DB6AEDA002120D2 /* AdColony.framework in Frameworks */,
				2F2ADE691DB6AEDA002120D2 /* libAMRAdapterAppnext.a in Frameworks */,
				2F456D141DD0A1DB00C916DC /* libFyberSDK-8.5.5.a in Frameworks */,
				2F2ADE991DB6AEDA002120D2 /* libAMRAdapterUnity.a in Frameworks */,
				2F9565301DD35677006C6F42 /* libGreystripeSDK.a in Frameworks */,
				2F2ADE591DB6AEDA002120D2 /* libAdFalconSDK3.2.0.a in Frameworks */,
				2F2ADE711DB6AEDA002120D2 /* libAMRAdapterInmobi.a in Frameworks */,
				2F2ADE981DB6AEDA002120D2 /* UnityAds.framework in Frameworks */,
				2FC5251E1D927B580095306E /* SystemConfiguration.framework in Frameworks */,
				2F27AC101D6CA361000A2540 /* AMRSDK.framework in Frameworks */,
				2F2ADE6F1DB6AEDA002120D2 /* libAMRAdapterFlurry.a in Frameworks */,
				2F27ABFA1D6C941C000A2540 /* KKLog.framework in Frameworks */,
			);
			runOnlyForDeploymentPostprocessing = 0;
		};
/* End PBXFrameworksBuildPhase section */

/* Begin PBXGroup section */
		2F23EFCB1D6749BA00CAC0FF = {
			isa = PBXGroup;
			children = (
				2FC5251C1D927B4A0095306E /* Frameworks */,
				2FCCDB841D6B55C000E4414A /* AMRSDK */,
				2FCCDB861D6B55C000E4414A /* MediationAdapters */,
				2F23EFD61D6749BA00CAC0FF /* AMRDemo */,
				2F23EFD51D6749BA00CAC0FF /* Products */,
			);
			sourceTree = "<group>";
		};
		2F23EFD51D6749BA00CAC0FF /* Products */ = {
			isa = PBXGroup;
			children = (
				2F23EFD41D6749BA00CAC0FF /* AMRDemo.app */,
			);
			name = Products;
			sourceTree = "<group>";
		};
		2F23EFD61D6749BA00CAC0FF /* AMRDemo */ = {
			isa = PBXGroup;
			children = (
				2F23EFDA1D6749BA00CAC0FF /* AppDelegate.h */,
				2F23EFDB1D6749BA00CAC0FF /* AppDelegate.m */,
				2F23EFDD1D6749BA00CAC0FF /* BannerViewController.h */,
				2F23EFDE1D6749BA00CAC0FF /* BannerViewController.m */,
				2F8A8B471D6F35EF002F3022 /* InterstitialViewController.h */,
				2F8A8B481D6F35EF002F3022 /* InterstitialViewController.m */,
				2F9A54C61D770F83007756AB /* RewardedVideoViewController.h */,
				2F9A54C71D770F83007756AB /* RewardedVideoViewController.m */,
				2F23EFE01D6749BA00CAC0FF /* Main.storyboard */,
				2F23EFE31D6749BA00CAC0FF /* Assets.xcassets */,
				2F23EFE51D6749BA00CAC0FF /* LaunchScreen.storyboard */,
				2F23EFE81D6749BA00CAC0FF /* Info.plist */,
				2F6E42951DA292F2003572E4 /* GoogleService-Info.plist */,
				2F23EFD71D6749BA00CAC0FF /* Supporting Files */,
			);
			path = AMRDemo;
			sourceTree = "<group>";
		};
		2F23EFD71D6749BA00CAC0FF /* Supporting Files */ = {
			isa = PBXGroup;
			children = (
				2F23EFD81D6749BA00CAC0FF /* main.m */,
			);
			name = "Supporting Files";
			sourceTree = "<group>";
		};
		2F2ADDE31DB6AEDA002120D2 /* AMRAdapterAdcolony */ = {
			isa = PBXGroup;
			children = (
				2F2ADDE41DB6AEDA002120D2 /* AMRAdapterAdcolonyInclude */,
				2F2ADDE61DB6AEDA002120D2 /* libAMRAdapterAdcolony.a */,
			);
			path = AMRAdapterAdcolony;
			sourceTree = "<group>";
		};
		2F2ADDE41DB6AEDA002120D2 /* AMRAdapterAdcolonyInclude */ = {
			isa = PBXGroup;
			children = (
				2F2ADDE51DB6AEDA002120D2 /* AdColony.framework */,
			);
			path = AMRAdapterAdcolonyInclude;
			sourceTree = "<group>";
		};
		2F2ADDE71DB6AEDA002120D2 /* AMRAdapterAdFalcon */ = {
			isa = PBXGroup;
			children = (
				2F2ADDE81DB6AEDA002120D2 /* AMRAdapterAdFalconInclude */,
				2F2ADDEA1DB6AEDA002120D2 /* libAMRAdapterAdFalcon.a */,
			);
			path = AMRAdapterAdFalcon;
			sourceTree = "<group>";
		};
		2F2ADDE81DB6AEDA002120D2 /* AMRAdapterAdFalconInclude */ = {
			isa = PBXGroup;
			children = (
				2F2ADDE91DB6AEDA002120D2 /* libAdFalconSDK3.2.0.a */,
			);
			path = AMRAdapterAdFalconInclude;
			sourceTree = "<group>";
		};
		2F2ADDF41DB6AEDA002120D2 /* AMRAdapterAdmost */ = {
			isa = PBXGroup;
			children = (
				2F2ADDF51DB6AEDA002120D2 /* AMRAdapterAdmostInclude */,
				2F2ADDF71DB6AEDA002120D2 /* libAMRAdapterAdmost.a */,
			);
			path = AMRAdapterAdmost;
			sourceTree = "<group>";
		};
		2F2ADDF51DB6AEDA002120D2 /* AMRAdapterAdmostInclude */ = {
			isa = PBXGroup;
			children = (
				2F2ADDF61DB6AEDA002120D2 /* AMRAdapterAdmostResources.bundle */,
			);
			path = AMRAdapterAdmostInclude;
			sourceTree = "<group>";
		};
		2F2ADDF81DB6AEDA002120D2 /* AMRAdapterAmazon */ = {
			isa = PBXGroup;
			children = (
				2F2ADDF91DB6AEDA002120D2 /* AMRAdapterAmazonInclude */,
				2F2ADDFB1DB6AEDA002120D2 /* libAMRAdapterAmazon.a */,
			);
			path = AMRAdapterAmazon;
			sourceTree = "<group>";
		};
		2F2ADDF91DB6AEDA002120D2 /* AMRAdapterAmazonInclude */ = {
			isa = PBXGroup;
			children = (
				2F2ADDFA1DB6AEDA002120D2 /* AmazonAd.framework */,
			);
			path = AMRAdapterAmazonInclude;
			sourceTree = "<group>";
		};
		2F2ADDFC1DB6AEDA002120D2 /* AMRAdapterApplovin */ = {
			isa = PBXGroup;
			children = (
				2F2ADDFD1DB6AEDA002120D2 /* AMRAdapterApplovinInclude */,
				2F2ADDFF1DB6AEDA002120D2 /* libAMRAdapterApplovin.a */,
			);
			path = AMRAdapterApplovin;
			sourceTree = "<group>";
		};
		2F2ADDFD1DB6AEDA002120D2 /* AMRAdapterApplovinInclude */ = {
			isa = PBXGroup;
			children = (
				2F2ADDFE1DB6AEDA002120D2 /* libAppLovinSdk.a */,
			);
			path = AMRAdapterApplovinInclude;
			sourceTree = "<group>";
		};
		2F2ADE001DB6AEDA002120D2 /* AMRAdapterAppnext */ = {
			isa = PBXGroup;
			children = (
				2F2ADE011DB6AEDA002120D2 /* AMRAdapterAppnextInclude */,
				2F2ADE031DB6AEDA002120D2 /* libAMRAdapterAppnext.a */,
			);
			path = AMRAdapterAppnext;
			sourceTree = "<group>";
		};
		2F2ADE011DB6AEDA002120D2 /* AMRAdapterAppnextInclude */ = {
			isa = PBXGroup;
			children = (
				2F2D90D01DCCBFD000127EAE /* libAppnextNativeAdsSDK.a */,
				2F2D90D11DCCBFD000127EAE /* libAppnextSDKCore.a */,
				2F2ADE021DB6AEDA002120D2 /* libAppnextLib.a */,
			);
			path = AMRAdapterAppnextInclude;
			sourceTree = "<group>";
		};
		2F2ADE041DB6AEDA002120D2 /* AMRAdapterChartboost */ = {
			isa = PBXGroup;
			children = (
				2F2ADE051DB6AEDA002120D2 /* AMRAdapterChartboostInclude */,
				2F2ADE071DB6AEDA002120D2 /* libAMRAdapterChartboost.a */,
			);
			path = AMRAdapterChartboost;
			sourceTree = "<group>";
		};
		2F2ADE051DB6AEDA002120D2 /* AMRAdapterChartboostInclude */ = {
			isa = PBXGroup;
			children = (
				2F2ADE061DB6AEDA002120D2 /* Chartboost.framework */,
			);
			path = AMRAdapterChartboostInclude;
			sourceTree = "<group>";
		};
		2F2ADE081DB6AEDA002120D2 /* AMRAdapterFlurry */ = {
			isa = PBXGroup;
			children = (
				2F2ADE091DB6AEDA002120D2 /* AMRAdapterFlurryInclude */,
				2F2ADE0D1DB6AEDA002120D2 /* libAMRAdapterFlurry.a */,
			);
			path = AMRAdapterFlurry;
			sourceTree = "<group>";
		};
		2F2ADE091DB6AEDA002120D2 /* AMRAdapterFlurryInclude */ = {
			isa = PBXGroup;
			children = (
				2F2ADE0A1DB6AEDA002120D2 /* libFlurry_7.6.6.a */,
				2F2ADE0B1DB6AEDA002120D2 /* libFlurryAds_7.6.6.a */,
				2F2ADE0C1DB6AEDA002120D2 /* starburst_white.png */,
			);
			path = AMRAdapterFlurryInclude;
			sourceTree = "<group>";
		};
		2F2ADE0E1DB6AEDA002120D2 /* AMRAdapterInmobi */ = {
			isa = PBXGroup;
			children = (
				2F2ADE0F1DB6AEDA002120D2 /* AMRAdapterInmobiInclude */,
				2F2ADE111DB6AEDA002120D2 /* libAMRAdapterInmobi.a */,
			);
			path = AMRAdapterInmobi;
			sourceTree = "<group>";
		};
		2F2ADE0F1DB6AEDA002120D2 /* AMRAdapterInmobiInclude */ = {
			isa = PBXGroup;
			children = (
				2F2ADE101DB6AEDA002120D2 /* InMobiSDK.framework */,
			);
			path = AMRAdapterInmobiInclude;
			sourceTree = "<group>";
		};
		2F2ADE121DB6AEDA002120D2 /* AMRAdapterLoopme */ = {
			isa = PBXGroup;
			children = (
				2F2ADE131DB6AEDA002120D2 /* libAMRAdapterLoopme.a */,
			);
			path = AMRAdapterLoopme;
			sourceTree = "<group>";
		};
		2F2ADE141DB6AEDA002120D2 /* AMRAdapterMobfox */ = {
			isa = PBXGroup;
			children = (
				2F2ADE151DB6AEDA002120D2 /* AMRAdapterMobfoxInclude */,
				2F2ADE181DB6AEDA002120D2 /* libAMRAdapterMobfox.a */,
			);
			path = AMRAdapterMobfox;
			sourceTree = "<group>";
		};
		2F2ADE151DB6AEDA002120D2 /* AMRAdapterMobfoxInclude */ = {
			isa = PBXGroup;
			children = (
				2F2ADE161DB6AEDA002120D2 /* MobFoxSDKCore.bundle */,
				2F2ADE171DB6AEDA002120D2 /* MobFoxSDKCore.framework */,
			);
			path = AMRAdapterMobfoxInclude;
			sourceTree = "<group>";
		};
		2F2ADE191DB6AEDA002120D2 /* AMRAdapterMopub */ = {
			isa = PBXGroup;
			children = (
				2F2ADE1A1DB6AEDA002120D2 /* AMRAdapterMopubInclude */,
				2F2ADE2F1DB6AEDA002120D2 /* libAMRAdapterMopub.a */,
			);
			path = AMRAdapterMopub;
			sourceTree = "<group>";
		};
		2F2ADE1A1DB6AEDA002120D2 /* AMRAdapterMopubInclude */ = {
			isa = PBXGroup;
			children = (
				2F2ADE1B1DB6AEDA002120D2 /* MPAdBrowserController.xib */,
				2F2ADE1C1DB6AEDA002120D2 /* MPCloseBtn.png */,
				2F2ADE1D1DB6AEDA002120D2 /* MPCloseBtn@2x.png */,
				2F2ADE1E1DB6AEDA002120D2 /* MPCloseBtn@3x.png */,
				2F2ADE1F1DB6AEDA002120D2 /* MPCloseButtonX.png */,
				2F2ADE201DB6AEDA002120D2 /* MPCloseButtonX@2x.png */,
				2F2ADE211DB6AEDA002120D2 /* MPCloseButtonX@3x.png */,
				2F2ADE221DB6AEDA002120D2 /* MPDAAIcon.png */,
				2F2ADE231DB6AEDA002120D2 /* MPDAAIcon@2x.png */,
				2F2ADE241DB6AEDA002120D2 /* MPDAAIcon@3x.png */,
				2F2ADE251DB6AEDA002120D2 /* MPMutedBtn.png */,
				2F2ADE261DB6AEDA002120D2 /* MPMutedBtn@2x.png */,
				2F2ADE271DB6AEDA002120D2 /* MPMutedBtn@3x.png */,
				2F2ADE281DB6AEDA002120D2 /* MPPlayBtn.png */,
				2F2ADE291DB6AEDA002120D2 /* MPPlayBtn@2x.png */,
				2F2ADE2A1DB6AEDA002120D2 /* MPPlayBtn@3x.png */,
				2F2ADE2B1DB6AEDA002120D2 /* MPUnmutedBtn.png */,
				2F2ADE2C1DB6AEDA002120D2 /* MPUnmutedBtn@2x.png */,
				2F2ADE2D1DB6AEDA002120D2 /* MPUnmutedBtn@3x.png */,
				2F2ADE2E1DB6AEDA002120D2 /* MRAID.bundle */,
			);
			path = AMRAdapterMopubInclude;
			sourceTree = "<group>";
		};
		2F2ADE301DB6AEDA002120D2 /* AMRAdapterNativex */ = {
			isa = PBXGroup;
			children = (
				2F2ADE311DB6AEDA002120D2 /* AMRAdapterNativexInclude */,
				2F2ADE331DB6AEDA002120D2 /* libAMRAdapterNativex.a */,
			);
			path = AMRAdapterNativex;
			sourceTree = "<group>";
		};
		2F2ADE311DB6AEDA002120D2 /* AMRAdapterNativexInclude */ = {
			isa = PBXGroup;
			children = (
				2F2ADE321DB6AEDA002120D2 /* libNativeXSDK.a */,
			);
			path = AMRAdapterNativexInclude;
			sourceTree = "<group>";
		};
		2F2ADE341DB6AEDA002120D2 /* AMRAdapterNexage */ = {
			isa = PBXGroup;
			children = (
				2F2ADE351DB6AEDA002120D2 /* AMRAdapterNexageInclude */,
				2F2ADE371DB6AEDA002120D2 /* libAMRAdapterNexage.a */,
			);
			path = AMRAdapterNexage;
			sourceTree = "<group>";
		};
		2F2ADE351DB6AEDA002120D2 /* AMRAdapterNexageInclude */ = {
			isa = PBXGroup;
			children = (
				2F2ADE361DB6AEDA002120D2 /* MMAdSDK.framework */,
			);
			path = AMRAdapterNexageInclude;
			sourceTree = "<group>";
		};
		2F2ADE381DB6AEDA002120D2 /* AMRAdapterRevmob */ = {
			isa = PBXGroup;
			children = (
				2F2ADE391DB6AEDA002120D2 /* AMRAdapterRevmobInclude */,
				2F2ADE3B1DB6AEDA002120D2 /* libAMRAdapterRevmob.a */,
			);
			path = AMRAdapterRevmob;
			sourceTree = "<group>";
		};
		2F2ADE391DB6AEDA002120D2 /* AMRAdapterRevmobInclude */ = {
			isa = PBXGroup;
			children = (
				2F2ADE3A1DB6AEDA002120D2 /* RevMobAds.framework */,
			);
			path = AMRAdapterRevmobInclude;
			sourceTree = "<group>";
		};
		2F2ADE3C1DB6AEDA002120D2 /* AMRAdapterSmaato */ = {
			isa = PBXGroup;
			children = (
				2F2ADE3D1DB6AEDA002120D2 /* AMRAdapterSmaatoInclude */,
				2F2ADE3F1DB6AEDA002120D2 /* libAMRAdapterSmaato.a */,
			);
			path = AMRAdapterSmaato;
			sourceTree = "<group>";
		};
		2F2ADE3D1DB6AEDA002120D2 /* AMRAdapterSmaatoInclude */ = {
			isa = PBXGroup;
			children = (
				2F2ADE3E1DB6AEDA002120D2 /* iSoma.framework */,
			);
			path = AMRAdapterSmaatoInclude;
			sourceTree = "<group>";
		};
		2F2ADE401DB6AEDA002120D2 /* AMRAdapterSupersonic */ = {
			isa = PBXGroup;
			children = (
				2F2ADE411DB6AEDA002120D2 /* AMRAdapterSupersonicInclude */,
				2F2ADE431DB6AEDA002120D2 /* libAMRAdapterSupersonic.a */,
			);
			path = AMRAdapterSupersonic;
			sourceTree = "<group>";
		};
		2F2ADE411DB6AEDA002120D2 /* AMRAdapterSupersonicInclude */ = {
			isa = PBXGroup;
			children = (
				2F2ADE421DB6AEDA002120D2 /* Supersonic.framework */,
			);
			path = AMRAdapterSupersonicInclude;
			sourceTree = "<group>";
		};
		2F2ADE441DB6AEDA002120D2 /* AMRAdapterTapjoy */ = {
			isa = PBXGroup;
			children = (
				2F2ADE451DB6AEDA002120D2 /* AMRAdapterTapjoyInclude */,
				2F2ADE481DB6AEDA002120D2 /* libAMRAdapterTapjoy.a */,
			);
			path = AMRAdapterTapjoy;
			sourceTree = "<group>";
		};
		2F2ADE451DB6AEDA002120D2 /* AMRAdapterTapjoyInclude */ = {
			isa = PBXGroup;
			children = (
				2F2ADE461DB6AEDA002120D2 /* Tapjoy.framework */,
				2F2ADE471DB6AEDA002120D2 /* TapjoyResources.bundle */,
			);
			path = AMRAdapterTapjoyInclude;
			sourceTree = "<group>";
		};
		2F2ADE491DB6AEDA002120D2 /* AMRAdapterUnity */ = {
			isa = PBXGroup;
			children = (
				2F2ADE4A1DB6AEDA002120D2 /* AMRAdapterUnityInclude */,
				2F2ADE4C1DB6AEDA002120D2 /* libAMRAdapterUnity.a */,
			);
			path = AMRAdapterUnity;
			sourceTree = "<group>";
		};
		2F2ADE4A1DB6AEDA002120D2 /* AMRAdapterUnityInclude */ = {
			isa = PBXGroup;
			children = (
				2F2ADE4B1DB6AEDA002120D2 /* UnityAds.framework */,
			);
			path = AMRAdapterUnityInclude;
			sourceTree = "<group>";
		};
		2F2ADE4D1DB6AEDA002120D2 /* AMRAdapterVungle */ = {
			isa = PBXGroup;
			children = (
				2F2ADE4E1DB6AEDA002120D2 /* AMRAdapterVungleInclude */,
				2F2ADE561DB6AEDA002120D2 /* libAMRAdapterVungle.a */,
			);
			path = AMRAdapterVungle;
			sourceTree = "<group>";
		};
		2F2ADE4E1DB6AEDA002120D2 /* AMRAdapterVungleInclude */ = {
			isa = PBXGroup;
			children = (
				2F2ADE4F1DB6AEDA002120D2 /* __vungle.db */,
				2F2ADE501DB6AEDA002120D2 /* vg_close.png */,
				2F2ADE511DB6AEDA002120D2 /* vg_cta.png */,
				2F2ADE521DB6AEDA002120D2 /* vg_mute_off.png */,
				2F2ADE531DB6AEDA002120D2 /* vg_mute_on.png */,
				2F2ADE541DB6AEDA002120D2 /* vg_privacy.png */,
				2F2ADE551DB6AEDA002120D2 /* VungleSDK.framework */,
			);
			path = AMRAdapterVungleInclude;
			sourceTree = "<group>";
		};
		2F456D101DD0A1DB00C916DC /* AMRAdapterFyber */ = {
			isa = PBXGroup;
			children = (
				2F456D111DD0A1DB00C916DC /* AMRAdapterFyberInclude */,
				2F456D131DD0A1DB00C916DC /* libAMRAdapterFyber.a */,
			);
			path = AMRAdapterFyber;
			sourceTree = "<group>";
		};
		2F456D111DD0A1DB00C916DC /* AMRAdapterFyberInclude */ = {
			isa = PBXGroup;
			children = (
				2F456D121DD0A1DB00C916DC /* libFyberSDK-8.5.5.a */,
			);
			path = AMRAdapterFyberInclude;
			sourceTree = "<group>";
		};
		2F5DC72C1DD9D99E0011A35F /* AMRAdapterInloco */ = {
			isa = PBXGroup;
			children = (
				2F5DC72D1DD9D99E0011A35F /* AMRAdapterInlocoInclude */,
				2F5DC72F1DD9D99E0011A35F /* libAMRAdapterInloco.a */,
			);
			path = AMRAdapterInloco;
			sourceTree = "<group>";
		};
		2F5DC72D1DD9D99E0011A35F /* AMRAdapterInlocoInclude */ = {
			isa = PBXGroup;
			children = (
				2F5DC72E1DD9D99E0011A35F /* InLocoMediaAPI.framework */,
			);
			path = AMRAdapterInlocoInclude;
			sourceTree = "<group>";
		};
		2F61EB621DABE8FD0004FB33 /* AMRAdapterFacebook */ = {
			isa = PBXGroup;
			children = (
				2F61EB631DABE8FD0004FB33 /* AMRAdapterFacebookInclude */,
				2F61EB651DABE8FD0004FB33 /* libAMRAdapterFacebook.a */,
			);
			path = AMRAdapterFacebook;
			sourceTree = "<group>";
		};
		2F61EB631DABE8FD0004FB33 /* AMRAdapterFacebookInclude */ = {
			isa = PBXGroup;
			children = (
				2F61EB641DABE8FD0004FB33 /* FBAudienceNetwork.framework */,
			);
			path = AMRAdapterFacebookInclude;
			sourceTree = "<group>";
		};
		2F95652C1DD35677006C6F42 /* AMRAdapterConversant */ = {
			isa = PBXGroup;
			children = (
				2F95652D1DD35677006C6F42 /* AMRAdapterConversantInclude */,
				2F95652F1DD35677006C6F42 /* libAMRAdapterConversant.a */,
			);
			path = AMRAdapterConversant;
			sourceTree = "<group>";
		};
		2F95652D1DD35677006C6F42 /* AMRAdapterConversantInclude */ = {
			isa = PBXGroup;
			children = (
				2F95652E1DD35677006C6F42 /* libGreystripeSDK.a */,
			);
			path = AMRAdapterConversantInclude;
			sourceTree = "<group>";
		};
		2FC5251C1D927B4A0095306E /* Frameworks */ = {
			isa = PBXGroup;
			children = (
				2F9565341DD357DA006C6F42 /* Twitter.framework */,
				2F9565321DD3576D006C6F42 /* AddressBookUI.framework */,
				2FFD45071D9C8FB60089824D /* AVKit.framework */,
				2FDE737F1D99B784004E9EA1 /* SafariServices.framework */,
				2FDE737D1D99B77E004E9EA1 /* JavaScriptCore.framework */,
				2FDE737B1D99B76B004E9EA1 /* EventKitUI.framework */,
				2FDE73791D99B764004E9EA1 /* EventKit.framework */,
				2FDE73771D99B757004E9EA1 /* CoreTelephony.framework */,
				2F0878831D9481FD003A208A /* WebKit.framework */,
				2F0878811D9481F7003A208A /* UIKit.framework */,
				2F08787F1D9481E6003A208A /* QuartzCore.framework */,
				2F08787D1D9481D6003A208A /* libsqlite3.tbd */,
				2F08787B1D9481CA003A208A /* libz.tbd */,
				2F0878791D9481BD003A208A /* Foundation.framework */,
				2F0878771D9481B3003A208A /* CoreMedia.framework */,
				2F0878751D9481AC003A208A /* CoreGraphics.framework */,
				2F0878731D9481A2003A208A /* CFNetwork.framework */,
				2F0878711D948192003A208A /* AudioToolbox.framework */,
				2FC526241D93BFCA0095306E /* CoreMotion.framework */,
				2FC525271D927B730095306E /* AdSupport.framework */,
				2FC525251D927B6F0095306E /* AVFoundation.framework */,
				2FC525231D927B6A0095306E /* CoreLocation.framework */,
				2FC525211D927B630095306E /* MediaPlayer.framework */,
				2FC5251F1D927B5E0095306E /* StoreKit.framework */,
				2FC5251D1D927B580095306E /* SystemConfiguration.framework */,
			);
			path = Frameworks;
			sourceTree = "<group>";
		};
		2FCCDB841D6B55C000E4414A /* AMRSDK */ = {
			isa = PBXGroup;
			children = (
				2F6E42BE1DA657B6003572E4 /* AMRAdmostSDK.framework */,
				2FB7CF1A1D81F98100B63DDB /* AMRResources.bundle */,
				2F27AC0F1D6CA361000A2540 /* AMRSDK.framework */,
				2F27ABF91D6C941C000A2540 /* KKLog.framework */,
			);
			path = AMRSDK;
			sourceTree = "<group>";
		};
		2FCCDB861D6B55C000E4414A /* MediationAdapters */ = {
			isa = PBXGroup;
			children = (
				2F5DC72C1DD9D99E0011A35F /* AMRAdapterInloco */,
				2F95652C1DD35677006C6F42 /* AMRAdapterConversant */,
				2F456D101DD0A1DB00C916DC /* AMRAdapterFyber */,
				2F2ADDE31DB6AEDA002120D2 /* AMRAdapterAdcolony */,
				2F2ADDE71DB6AEDA002120D2 /* AMRAdapterAdFalcon */,
				2F2ADDF41DB6AEDA002120D2 /* AMRAdapterAdmost */,
				2F2ADDF81DB6AEDA002120D2 /* AMRAdapterAmazon */,
				2F2ADDFC1DB6AEDA002120D2 /* AMRAdapterApplovin */,
				2F2ADE001DB6AEDA002120D2 /* AMRAdapterAppnext */,
				2F2ADE041DB6AEDA002120D2 /* AMRAdapterChartboost */,
				2F2ADE081DB6AEDA002120D2 /* AMRAdapterFlurry */,
				2F2ADE0E1DB6AEDA002120D2 /* AMRAdapterInmobi */,
				2F2ADE121DB6AEDA002120D2 /* AMRAdapterLoopme */,
				2F2ADE141DB6AEDA002120D2 /* AMRAdapterMobfox */,
				2F2ADE191DB6AEDA002120D2 /* AMRAdapterMopub */,
				2F2ADE301DB6AEDA002120D2 /* AMRAdapterNativex */,
				2F2ADE341DB6AEDA002120D2 /* AMRAdapterNexage */,
				2F2ADE381DB6AEDA002120D2 /* AMRAdapterRevmob */,
				2F2ADE3C1DB6AEDA002120D2 /* AMRAdapterSmaato */,
				2F2ADE401DB6AEDA002120D2 /* AMRAdapterSupersonic */,
				2F2ADE441DB6AEDA002120D2 /* AMRAdapterTapjoy */,
				2F2ADE491DB6AEDA002120D2 /* AMRAdapterUnity */,
				2F2ADE4D1DB6AEDA002120D2 /* AMRAdapterVungle */,
				2F61EB621DABE8FD0004FB33 /* AMRAdapterFacebook */,
			);
			path = MediationAdapters;
			sourceTree = "<group>";
		};
/* End PBXGroup section */

/* Begin PBXNativeTarget section */
		2F23EFD31D6749BA00CAC0FF /* AMRDemo */ = {
			isa = PBXNativeTarget;
			buildConfigurationList = 2F23EFEB1D6749BA00CAC0FF /* Build configuration list for PBXNativeTarget "AMRDemo" */;
			buildPhases = (
				2F23EFD01D6749BA00CAC0FF /* Sources */,
				2F23EFD11D6749BA00CAC0FF /* Frameworks */,
				2F23EFD21D6749BA00CAC0FF /* Resources */,
				2F456D291DD0C76600C916DC /* Embed Frameworks */,
			);
			buildRules = (
			);
			dependencies = (
			);
			name = AMRDemo;
			productName = AMRDemo;
			productReference = 2F23EFD41D6749BA00CAC0FF /* AMRDemo.app */;
			productType = "com.apple.product-type.application";
		};
/* End PBXNativeTarget section */

/* Begin PBXProject section */
		2F23EFCC1D6749BA00CAC0FF /* Project object */ = {
			isa = PBXProject;
			attributes = {
				LastUpgradeCheck = 0710;
				ORGANIZATIONNAME = "Tolga Seremet";
				TargetAttributes = {
					2F23EFD31D6749BA00CAC0FF = {
						CreatedOnToolsVersion = 7.1;
						DevelopmentTeam = 4H437H8WCF;
					};
				};
			};
			buildConfigurationList = 2F23EFCF1D6749BA00CAC0FF /* Build configuration list for PBXProject "AMRDemo" */;
			compatibilityVersion = "Xcode 3.2";
			developmentRegion = English;
			hasScannedForEncodings = 0;
			knownRegions = (
				en,
				Base,
			);
			mainGroup = 2F23EFCB1D6749BA00CAC0FF;
			productRefGroup = 2F23EFD51D6749BA00CAC0FF /* Products */;
			projectDirPath = "";
			projectRoot = "";
			targets = (
				2F23EFD31D6749BA00CAC0FF /* AMRDemo */,
			);
		};
/* End PBXProject section */

/* Begin PBXResourcesBuildPhase section */
		2F23EFD21D6749BA00CAC0FF /* Resources */ = {
			isa = PBXResourcesBuildPhase;
			buildActionMask = 2147483647;
			files = (
				2F2ADE621DB6AEDA002120D2 /* AMRAdapterAdmostResources.bundle in Resources */,
				2F2ADE881DB6AEDA002120D2 /* MPUnmutedBtn@3x.png in Resources */,
				2F2ADE7C1DB6AEDA002120D2 /* MPCloseButtonX@3x.png in Resources */,
				2F2ADE761DB6AEDA002120D2 /* MPAdBrowserController.xib in Resources */,
				2F2ADE9B1DB6AEDA002120D2 /* vg_close.png in Resources */,
				2F2ADE9A1DB6AEDA002120D2 /* __vungle.db in Resources */,
				2F23EFE71D6749BA00CAC0FF /* LaunchScreen.storyboard in Resources */,
				2F2ADE961DB6AEDA002120D2 /* TapjoyResources.bundle in Resources */,
				2F2ADE9F1DB6AEDA002120D2 /* vg_privacy.png in Resources */,
				2F2ADE891DB6AEDA002120D2 /* MRAID.bundle in Resources */,
				2F2ADE7F1DB6AEDA002120D2 /* MPDAAIcon@3x.png in Resources */,
				2F2ADE871DB6AEDA002120D2 /* MPUnmutedBtn@2x.png in Resources */,
				2F2ADE801DB6AEDA002120D2 /* MPMutedBtn.png in Resources */,
				2F2ADE731DB6AEDA002120D2 /* MobFoxSDKCore.bundle in Resources */,
				2F2ADE841DB6AEDA002120D2 /* MPPlayBtn@2x.png in Resources */,
				2F2ADE831DB6AEDA002120D2 /* MPPlayBtn.png in Resources */,
				2F2ADE771DB6AEDA002120D2 /* MPCloseBtn.png in Resources */,
				2F23EFE41D6749BA00CAC0FF /* Assets.xcassets in Resources */,
				2F2ADE9C1DB6AEDA002120D2 /* vg_cta.png in Resources */,
				2F2ADE7A1DB6AEDA002120D2 /* MPCloseButtonX.png in Resources */,
				2F2ADE811DB6AEDA002120D2 /* MPMutedBtn@2x.png in Resources */,
				2F2ADE791DB6AEDA002120D2 /* MPCloseBtn@3x.png in Resources */,
				2F2ADE9D1DB6AEDA002120D2 /* vg_mute_off.png in Resources */,
				2F2ADE6E1DB6AEDA002120D2 /* starburst_white.png in Resources */,
				2F2ADE7B1DB6AEDA002120D2 /* MPCloseButtonX@2x.png in Resources */,
				2F2ADE7E1DB6AEDA002120D2 /* MPDAAIcon@2x.png in Resources */,
				2F2ADE821DB6AEDA002120D2 /* MPMutedBtn@3x.png in Resources */,
				2FB7CF1B1D81F98100B63DDB /* AMRResources.bundle in Resources */,
				2F2ADE7D1DB6AEDA002120D2 /* MPDAAIcon.png in Resources */,
				2F2ADE9E1DB6AEDA002120D2 /* vg_mute_on.png in Resources */,
				2F6E42961DA292F2003572E4 /* GoogleService-Info.plist in Resources */,
				2F2ADE851DB6AEDA002120D2 /* MPPlayBtn@3x.png in Resources */,
				2F23EFE21D6749BA00CAC0FF /* Main.storyboard in Resources */,
				2F2ADE781DB6AEDA002120D2 /* MPCloseBtn@2x.png in Resources */,
				2F2ADE861DB6AEDA002120D2 /* MPUnmutedBtn.png in Resources */,
			);
			runOnlyForDeploymentPostprocessing = 0;
		};
/* End PBXResourcesBuildPhase section */

/* Begin PBXSourcesBuildPhase section */
		2F23EFD01D6749BA00CAC0FF /* Sources */ = {
			isa = PBXSourcesBuildPhase;
			buildActionMask = 2147483647;
			files = (
				2F9A54C81D770F83007756AB /* RewardedVideoViewController.m in Sources */,
				2F23EFDF1D6749BA00CAC0FF /* BannerViewController.m in Sources */,
				2F23EFDC1D6749BA00CAC0FF /* AppDelegate.m in Sources */,
				2F8A8B491D6F35EF002F3022 /* InterstitialViewController.m in Sources */,
				2F23EFD91D6749BA00CAC0FF /* main.m in Sources */,
			);
			runOnlyForDeploymentPostprocessing = 0;
		};
/* End PBXSourcesBuildPhase section */

/* Begin PBXVariantGroup section */
		2F23EFE01D6749BA00CAC0FF /* Main.storyboard */ = {
			isa = PBXVariantGroup;
			children = (
				2F23EFE11D6749BA00CAC0FF /* Base */,
			);
			name = Main.storyboard;
			sourceTree = "<group>";
		};
		2F23EFE51D6749BA00CAC0FF /* LaunchScreen.storyboard */ = {
			isa = PBXVariantGroup;
			children = (
				2F23EFE61D6749BA00CAC0FF /* Base */,
			);
			name = LaunchScreen.storyboard;
			sourceTree = "<group>";
		};
/* End PBXVariantGroup section */

/* Begin XCBuildConfiguration section */
		2F23EFE91D6749BA00CAC0FF /* Debug */ = {
			isa = XCBuildConfiguration;
			buildSettings = {
				ALWAYS_SEARCH_USER_PATHS = NO;
				CLANG_CXX_LANGUAGE_STANDARD = "gnu++0x";
				CLANG_CXX_LIBRARY = "libc++";
				CLANG_ENABLE_MODULES = YES;
				CLANG_ENABLE_OBJC_ARC = YES;
				CLANG_WARN_BOOL_CONVERSION = YES;
				CLANG_WARN_CONSTANT_CONVERSION = YES;
				CLANG_WARN_DIRECT_OBJC_ISA_USAGE = YES_ERROR;
				CLANG_WARN_EMPTY_BODY = YES;
				CLANG_WARN_ENUM_CONVERSION = YES;
				CLANG_WARN_INT_CONVERSION = YES;
				CLANG_WARN_OBJC_ROOT_CLASS = YES_ERROR;
				CLANG_WARN_UNREACHABLE_CODE = YES;
				CLANG_WARN__DUPLICATE_METHOD_MATCH = YES;
				"CODE_SIGN_IDENTITY[sdk=iphoneos*]" = "iPhone Developer";
				COPY_PHASE_STRIP = NO;
				DEBUG_INFORMATION_FORMAT = dwarf;
				ENABLE_STRICT_OBJC_MSGSEND = YES;
				ENABLE_TESTABILITY = YES;
				GCC_C_LANGUAGE_STANDARD = gnu99;
				GCC_DYNAMIC_NO_PIC = NO;
				GCC_NO_COMMON_BLOCKS = YES;
				GCC_OPTIMIZATION_LEVEL = 0;
				GCC_PREPROCESSOR_DEFINITIONS = (
					"DEBUG=1",
					"$(inherited)",
				);
				GCC_WARN_64_TO_32_BIT_CONVERSION = YES;
				GCC_WARN_ABOUT_RETURN_TYPE = YES_ERROR;
				GCC_WARN_UNDECLARED_SELECTOR = YES;
				GCC_WARN_UNINITIALIZED_AUTOS = YES_AGGRESSIVE;
				GCC_WARN_UNUSED_FUNCTION = YES;
				GCC_WARN_UNUSED_VARIABLE = YES;
				IPHONEOS_DEPLOYMENT_TARGET = 9.1;
				MTL_ENABLE_DEBUG_INFO = YES;
				ONLY_ACTIVE_ARCH = YES;
				SDKROOT = iphoneos;
			};
			name = Debug;
		};
		2F23EFEA1D6749BA00CAC0FF /* Release */ = {
			isa = XCBuildConfiguration;
			buildSettings = {
				ALWAYS_SEARCH_USER_PATHS = NO;
				CLANG_CXX_LANGUAGE_STANDARD = "gnu++0x";
				CLANG_CXX_LIBRARY = "libc++";
				CLANG_ENABLE_MODULES = YES;
				CLANG_ENABLE_OBJC_ARC = YES;
				CLANG_WARN_BOOL_CONVERSION = YES;
				CLANG_WARN_CONSTANT_CONVERSION = YES;
				CLANG_WARN_DIRECT_OBJC_ISA_USAGE = YES_ERROR;
				CLANG_WARN_EMPTY_BODY = YES;
				CLANG_WARN_ENUM_CONVERSION = YES;
				CLANG_WARN_INT_CONVERSION = YES;
				CLANG_WARN_OBJC_ROOT_CLASS = YES_ERROR;
				CLANG_WARN_UNREACHABLE_CODE = YES;
				CLANG_WARN__DUPLICATE_METHOD_MATCH = YES;
				"CODE_SIGN_IDENTITY[sdk=iphoneos*]" = "iPhone Developer";
				COPY_PHASE_STRIP = NO;
				DEBUG_INFORMATION_FORMAT = "dwarf-with-dsym";
				ENABLE_NS_ASSERTIONS = NO;
				ENABLE_STRICT_OBJC_MSGSEND = YES;
				GCC_C_LANGUAGE_STANDARD = gnu99;
				GCC_NO_COMMON_BLOCKS = YES;
				GCC_WARN_64_TO_32_BIT_CONVERSION = YES;
				GCC_WARN_ABOUT_RETURN_TYPE = YES_ERROR;
				GCC_WARN_UNDECLARED_SELECTOR = YES;
				GCC_WARN_UNINITIALIZED_AUTOS = YES_AGGRESSIVE;
				GCC_WARN_UNUSED_FUNCTION = YES;
				GCC_WARN_UNUSED_VARIABLE = YES;
				IPHONEOS_DEPLOYMENT_TARGET = 9.1;
				MTL_ENABLE_DEBUG_INFO = NO;
				SDKROOT = iphoneos;
				VALIDATE_PRODUCT = YES;
			};
			name = Release;
		};
		2F23EFEC1D6749BA00CAC0FF /* Debug */ = {
			isa = XCBuildConfiguration;
			buildSettings = {
				ASSETCATALOG_COMPILER_APPICON_NAME = AppIcon;
				ASSETCATALOG_COMPILER_LAUNCHIMAGE_NAME = LaunchImage;
				CODE_SIGN_IDENTITY = "iPhone Developer";
				"CODE_SIGN_IDENTITY[sdk=iphoneos*]" = "iPhone Developer";
				EMBEDDED_CONTENT_CONTAINS_SWIFT = NO;
				ENABLE_BITCODE = NO;
				FRAMEWORK_SEARCH_PATHS = (
					"$(inherited)",
					"$(PROJECT_DIR)/**",
					"$(PROJECT_DIR)/MediationAdapters/AMRAdapterAdcolony/AMRAdapterAdcolonyInclude",
					"$(PROJECT_DIR)/MediationAdapters/AMRAdapterAdmob/AMRAdapterAdmobInclude",
					"$(PROJECT_DIR)/MediationAdapters/AMRAdapterAmazon/AMRAdapterAmazonInclude",
					"$(PROJECT_DIR)/MediationAdapters/AMRAdapterFacebook/AMRAdapterFacebookInclude",
					"$(PROJECT_DIR)/MediationAdapters/AMRAdapterInmobi/AMRAdapterInmobiInclude",
					"$(PROJECT_DIR)/MediationAdapters/AMRAdapterMobfox/AMRAdapterMobfoxInclude",
					"$(PROJECT_DIR)/MediationAdapters/AMRAdapterRevmob/AMRAdapterRevmobInclude",
					"$(PROJECT_DIR)/MediationAdapters/AMRAdapterSmaato/AMRAdapterSmaatoInclude",
					"$(PROJECT_DIR)/MediationAdapters/AMRAdapterSupersonic/AMRAdapterSupersonicInclude",
					"$(PROJECT_DIR)/MediationAdapters/AMRAdapterTapjoy/AMRAdapterTapjoyInclude",
					"$(PROJECT_DIR)/MediationAdapters/AMRAdapterUnity/AMRAdapterUnityInclude",
					"$(PROJECT_DIR)/MediationAdapters/AMRAdapterVungle/AMRAdapterVungleInclude",
					"$(PROJECT_DIR)/MediationAdapters/AMRAdapterChartboost/AMRAdapterChartboostInclude",
					"$(PROJECT_DIR)/MediationAdapters/AMRAdapterNexage/AMRAdapterNexageInclude",
					"$(PROJECT_DIR)/AMRSDK",
					"$(PROJECT_DIR)/MediationAdapters/AMRAdapterInloco/AMRAdapterInlocoInclude",
				);
				GCC_NO_COMMON_BLOCKS = YES;
				INFOPLIST_FILE = AMRDemo/Info.plist;
				IPHONEOS_DEPLOYMENT_TARGET = 7.0;
				LD_RUNPATH_SEARCH_PATHS = "$(inherited) @executable_path/Frameworks";
				LIBRARY_SEARCH_PATHS = (
					"$(inherited)",
					"$(PROJECT_DIR)",
					"$(PROJECT_DIR)/AMRSDK",
					"$(PROJECT_DIR)/MediationAdapters/**",
					"$(PROJECT_DIR)/MediationAdapters/AMRAdapterAdcolony",
					"$(PROJECT_DIR)/MediationAdapters/AMRAdapterAdFalcon/AMRAdapterAdFalconInclude",
					"$(PROJECT_DIR)/MediationAdapters/AMRAdapterAdFalcon",
					"$(PROJECT_DIR)/MediationAdapters/AMRAdapterAdmob",
					"$(PROJECT_DIR)/MediationAdapters/AMRAdapterAmazon",
					"$(PROJECT_DIR)/MediationAdapters/AMRAdapterApplovin/AMRAdapterApplovinInclude",
					"$(PROJECT_DIR)/MediationAdapters/AMRAdapterApplovin",
					"$(PROJECT_DIR)/MediationAdapters/AMRAdapterAppnext/AMRAdapterAppnextInclude",
					"$(PROJECT_DIR)/MediationAdapters/AMRAdapterAppnext",
					"$(PROJECT_DIR)/MediationAdapters/AMRAdapterChartboost",
					"$(PROJECT_DIR)/MediationAdapters/AMRAdapterFacebook",
					"$(PROJECT_DIR)/MediationAdapters/AMRAdapterFlurry/AMRAdapterFlurryInclude",
					"$(PROJECT_DIR)/MediationAdapters/AMRAdapterFlurry",
					"$(PROJECT_DIR)/MediationAdapters/AMRAdapterInmobi",
					"$(PROJECT_DIR)/MediationAdapters/AMRAdapterLoopme",
					"$(PROJECT_DIR)/MediationAdapters/AMRAdapterMobfox",
					"$(PROJECT_DIR)/MediationAdapters/AMRAdapterMopub",
					"$(PROJECT_DIR)/MediationAdapters/AMRAdapterNativex/AMRAdapterNativexInclude",
					"$(PROJECT_DIR)/MediationAdapters/AMRAdapterNativex",
					"$(PROJECT_DIR)/MediationAdapters/AMRAdapterNexage",
					"$(PROJECT_DIR)/MediationAdapters/AMRAdapterRevmob",
					"$(PROJECT_DIR)/MediationAdapters/AMRAdapterSmaato",
					"$(PROJECT_DIR)/MediationAdapters/AMRAdapterSupersonic",
					"$(PROJECT_DIR)/MediationAdapters/AMRAdapterTapjoy",
					"$(PROJECT_DIR)/MediationAdapters/AMRAdapterUnity",
					"$(PROJECT_DIR)/MediationAdapters/AMRAdapterVungle",
					"$(PROJECT_DIR)/MediationAdapters/AMRAdapterAdmost",
					"$(PROJECT_DIR)/MediationAdapters/AMRAdapterFyber/AMRAdapterFyberInclude",
					"$(PROJECT_DIR)/MediationAdapters/AMRAdapterFyber",
					"$(PROJECT_DIR)/MediationAdapters/AMRAdapterConversant/AMRAdapterConversantInclude",
					"$(PROJECT_DIR)/MediationAdapters/AMRAdapterConversant",
					"$(PROJECT_DIR)/MediationAdapters/AMRAdapterInloco",
				);
				OTHER_LDFLAGS = "'-ObjC";
				PRODUCT_BUNDLE_IDENTIFIER = com.kokteyl.amr.amrdemo;
				PRODUCT_NAME = "$(TARGET_NAME)";
				PROVISIONING_PROFILE = "";
			};
			name = Debug;
		};
		2F23EFED1D6749BA00CAC0FF /* Release */ = {
			isa = XCBuildConfiguration;
			buildSettings = {
				ASSETCATALOG_COMPILER_APPICON_NAME = AppIcon;
				ASSETCATALOG_COMPILER_LAUNCHIMAGE_NAME = LaunchImage;
				CODE_SIGN_IDENTITY = "iPhone Developer";
				"CODE_SIGN_IDENTITY[sdk=iphoneos*]" = "iPhone Developer";
				EMBEDDED_CONTENT_CONTAINS_SWIFT = NO;
				ENABLE_BITCODE = NO;
				FRAMEWORK_SEARCH_PATHS = (
					"$(inherited)",
					"$(PROJECT_DIR)/**",
					"$(PROJECT_DIR)/MediationAdapters/AMRAdapterAdcolony/AMRAdapterAdcolonyInclude",
					"$(PROJECT_DIR)/MediationAdapters/AMRAdapterAdmob/AMRAdapterAdmobInclude",
					"$(PROJECT_DIR)/MediationAdapters/AMRAdapterAmazon/AMRAdapterAmazonInclude",
					"$(PROJECT_DIR)/MediationAdapters/AMRAdapterFacebook/AMRAdapterFacebookInclude",
					"$(PROJECT_DIR)/MediationAdapters/AMRAdapterInmobi/AMRAdapterInmobiInclude",
					"$(PROJECT_DIR)/MediationAdapters/AMRAdapterMobfox/AMRAdapterMobfoxInclude",
					"$(PROJECT_DIR)/MediationAdapters/AMRAdapterRevmob/AMRAdapterRevmobInclude",
					"$(PROJECT_DIR)/MediationAdapters/AMRAdapterSmaato/AMRAdapterSmaatoInclude",
					"$(PROJECT_DIR)/MediationAdapters/AMRAdapterSupersonic/AMRAdapterSupersonicInclude",
					"$(PROJECT_DIR)/MediationAdapters/AMRAdapterTapjoy/AMRAdapterTapjoyInclude",
					"$(PROJECT_DIR)/MediationAdapters/AMRAdapterUnity/AMRAdapterUnityInclude",
					"$(PROJECT_DIR)/MediationAdapters/AMRAdapterVungle/AMRAdapterVungleInclude",
					"$(PROJECT_DIR)/MediationAdapters/AMRAdapterChartboost/AMRAdapterChartboostInclude",
					"$(PROJECT_DIR)/MediationAdapters/AMRAdapterNexage/AMRAdapterNexageInclude",
					"$(PROJECT_DIR)/AMRSDK",
					"$(PROJECT_DIR)/MediationAdapters/AMRAdapterInloco/AMRAdapterInlocoInclude",
				);
				GCC_NO_COMMON_BLOCKS = YES;
				INFOPLIST_FILE = AMRDemo/Info.plist;
				IPHONEOS_DEPLOYMENT_TARGET = 7.0;
				LD_RUNPATH_SEARCH_PATHS = "$(inherited) @executable_path/Frameworks";
				LIBRARY_SEARCH_PATHS = (
					"$(inherited)",
					"$(PROJECT_DIR)",
					"$(PROJECT_DIR)/AMRSDK",
					"$(PROJECT_DIR)/MediationAdapters/**",
					"$(PROJECT_DIR)/MediationAdapters/AMRAdapterAdcolony",
					"$(PROJECT_DIR)/MediationAdapters/AMRAdapterAdFalcon/AMRAdapterAdFalconInclude",
					"$(PROJECT_DIR)/MediationAdapters/AMRAdapterAdFalcon",
					"$(PROJECT_DIR)/MediationAdapters/AMRAdapterAdmob",
					"$(PROJECT_DIR)/MediationAdapters/AMRAdapterAmazon",
					"$(PROJECT_DIR)/MediationAdapters/AMRAdapterApplovin/AMRAdapterApplovinInclude",
					"$(PROJECT_DIR)/MediationAdapters/AMRAdapterApplovin",
					"$(PROJECT_DIR)/MediationAdapters/AMRAdapterAppnext/AMRAdapterAppnextInclude",
					"$(PROJECT_DIR)/MediationAdapters/AMRAdapterAppnext",
					"$(PROJECT_DIR)/MediationAdapters/AMRAdapterChartboost",
					"$(PROJECT_DIR)/MediationAdapters/AMRAdapterFacebook",
					"$(PROJECT_DIR)/MediationAdapters/AMRAdapterFlurry/AMRAdapterFlurryInclude",
					"$(PROJECT_DIR)/MediationAdapters/AMRAdapterFlurry",
					"$(PROJECT_DIR)/MediationAdapters/AMRAdapterInmobi",
					"$(PROJECT_DIR)/MediationAdapters/AMRAdapterLoopme",
					"$(PROJECT_DIR)/MediationAdapters/AMRAdapterMobfox",
					"$(PROJECT_DIR)/MediationAdapters/AMRAdapterMopub",
					"$(PROJECT_DIR)/MediationAdapters/AMRAdapterNativex/AMRAdapterNativexInclude",
					"$(PROJECT_DIR)/MediationAdapters/AMRAdapterNativex",
					"$(PROJECT_DIR)/MediationAdapters/AMRAdapterNexage",
					"$(PROJECT_DIR)/MediationAdapters/AMRAdapterRevmob",
					"$(PROJECT_DIR)/MediationAdapters/AMRAdapterSmaato",
					"$(PROJECT_DIR)/MediationAdapters/AMRAdapterSupersonic",
					"$(PROJECT_DIR)/MediationAdapters/AMRAdapterTapjoy",
					"$(PROJECT_DIR)/MediationAdapters/AMRAdapterUnity",
					"$(PROJECT_DIR)/MediationAdapters/AMRAdapterVungle",
					"$(PROJECT_DIR)/MediationAdapters/AMRAdapterAdmost",
					"$(PROJECT_DIR)/MediationAdapters/AMRAdapterFyber/AMRAdapterFyberInclude",
					"$(PROJECT_DIR)/MediationAdapters/AMRAdapterFyber",
					"$(PROJECT_DIR)/MediationAdapters/AMRAdapterConversant/AMRAdapterConversantInclude",
					"$(PROJECT_DIR)/MediationAdapters/AMRAdapterConversant",
					"$(PROJECT_DIR)/MediationAdapters/AMRAdapterInloco",
				);
				OTHER_LDFLAGS = "'-ObjC";
				PRODUCT_BUNDLE_IDENTIFIER = com.kokteyl.amr.amrdemo;
				PRODUCT_NAME = "$(TARGET_NAME)";
				PROVISIONING_PROFILE = "";
			};
			name = Release;
		};
/* End XCBuildConfiguration section */

/* Begin XCConfigurationList section */
		2F23EFCF1D6749BA00CAC0FF /* Build configuration list for PBXProject "AMRDemo" */ = {
			isa = XCConfigurationList;
			buildConfigurations = (
				2F23EFE91D6749BA00CAC0FF /* Debug */,
				2F23EFEA1D6749BA00CAC0FF /* Release */,
			);
			defaultConfigurationIsVisible = 0;
			defaultConfigurationName = Release;
		};
		2F23EFEB1D6749BA00CAC0FF /* Build configuration list for PBXNativeTarget "AMRDemo" */ = {
			isa = XCConfigurationList;
			buildConfigurations = (
				2F23EFEC1D6749BA00CAC0FF /* Debug */,
				2F23EFED1D6749BA00CAC0FF /* Release */,
			);
			defaultConfigurationIsVisible = 0;
			defaultConfigurationName = Release;
		};
/* End XCConfigurationList section */
	};
	rootObject = 2F23EFCC1D6749BA00CAC0FF /* Project object */;
}
